// !$*UTF8*$!
{
	archiveVersion = 1;
	classes = {
	};
	objectVersion = 50;
	objects = {

/* Begin PBXBuildFile section */
		4A24C0DE260269360046A99D /* TreesView.swift in Sources */ = {isa = PBXBuildFile; fileRef = 4A24C0DD260269360046A99D /* TreesView.swift */; };
		4A24C0E226026A030046A99D /* TreeItem.swift in Sources */ = {isa = PBXBuildFile; fileRef = 4A24C0E126026A030046A99D /* TreeItem.swift */; };
		4A24C0E326026A2F0046A99D /* TreeItem.swift in Sources */ = {isa = PBXBuildFile; fileRef = 4A24C0E126026A030046A99D /* TreeItem.swift */; };
		4A2BBE57260BBC4100BEC829 /* TreeType.swift in Sources */ = {isa = PBXBuildFile; fileRef = 4A2BBE56260BBC4100BEC829 /* TreeType.swift */; };
		4A50BC5A2603D52B00286FBA /* Diagrams.swift in Sources */ = {isa = PBXBuildFile; fileRef = 4A50BC592603D52B00286FBA /* Diagrams.swift */; };
		4A50BC602603D5AF00286FBA /* TreeDetail.swift in Sources */ = {isa = PBXBuildFile; fileRef = 4A50BC5F2603D5AF00286FBA /* TreeDetail.swift */; };
		4A594DE02606290700F9954A /* Color.swift in Sources */ = {isa = PBXBuildFile; fileRef = 4A594DDF2606290700F9954A /* Color.swift */; };
		4A594DE626062D8700F9954A /* TODO.swift in Sources */ = {isa = PBXBuildFile; fileRef = 4A594DE526062D8700F9954A /* TODO.swift */; };
		4A594E0F26064C8500F9954A /* Diagrams.swift in Sources */ = {isa = PBXBuildFile; fileRef = 4A50BC592603D52B00286FBA /* Diagrams.swift */; };
		4A594E602606508200F9954A /* Persistence.swift in Sources */ = {isa = PBXBuildFile; fileRef = 4ACD160A25EB091F00A1DE99 /* Persistence.swift */; };
		4A594E612606508400F9954A /* Persistence.swift in Sources */ = {isa = PBXBuildFile; fileRef = 4ACD160A25EB091F00A1DE99 /* Persistence.swift */; };
		4A81EC0F260E329A0022F3C6 /* StaticTreeData.swift in Sources */ = {isa = PBXBuildFile; fileRef = 4A81EC0E260E329A0022F3C6 /* StaticTreeData.swift */; };
		4A81EC15260E32E50022F3C6 /* View+Circle.swift in Sources */ = {isa = PBXBuildFile; fileRef = 4A81EC14260E32E50022F3C6 /* View+Circle.swift */; };
		4A81EC1B260E33430022F3C6 /* Tree+Unique.swift in Sources */ = {isa = PBXBuildFile; fileRef = 4A81EC1A260E33430022F3C6 /* Tree+Unique.swift */; };
		4A81EC21260E33A50022F3C6 /* BinaryTreeView.swift in Sources */ = {isa = PBXBuildFile; fileRef = 4A81EC20260E33A50022F3C6 /* BinaryTreeView.swift */; };
		4AAA9EFC25F02ACA005F958D /* CoursesView.swift in Sources */ = {isa = PBXBuildFile; fileRef = 4AAA9EFB25F02ACA005F958D /* CoursesView.swift */; };
		4AAA9EFE25F02AF9005F958D /* TutorialsView.swift in Sources */ = {isa = PBXBuildFile; fileRef = 4AAA9EFD25F02AF9005F958D /* TutorialsView.swift */; };
		4AAA9F0425F02C31005F958D /* CoursesView.swift in Sources */ = {isa = PBXBuildFile; fileRef = 4AAA9F0325F02C31005F958D /* CoursesView.swift */; };
		4AAA9F1125F02F5D005F958D /* TutorialSectionDetail.swift in Sources */ = {isa = PBXBuildFile; fileRef = 4AAA9F1025F02F5D005F958D /* TutorialSectionDetail.swift */; };
		4AAA9F1225F02F5D005F958D /* TutorialSectionDetail.swift in Sources */ = {isa = PBXBuildFile; fileRef = 4AAA9F1025F02F5D005F958D /* TutorialSectionDetail.swift */; };
		4AAA9F1425F02F9C005F958D /* TutorialPages.swift in Sources */ = {isa = PBXBuildFile; fileRef = 4AAA9F1325F02F9C005F958D /* TutorialPages.swift */; };
		4AAA9F1525F02F9C005F958D /* TutorialPages.swift in Sources */ = {isa = PBXBuildFile; fileRef = 4AAA9F1325F02F9C005F958D /* TutorialPages.swift */; };
		4AAA9F1A25F03072005F958D /* SearchView.swift in Sources */ = {isa = PBXBuildFile; fileRef = 4AAA9F1925F03072005F958D /* SearchView.swift */; };
		4AAA9F1B25F03072005F958D /* SearchView.swift in Sources */ = {isa = PBXBuildFile; fileRef = 4AAA9F1925F03072005F958D /* SearchView.swift */; };
		4AAA9F2525F032E0005F958D /* SectionTitle.swift in Sources */ = {isa = PBXBuildFile; fileRef = 4AAA9F1D25F032DF005F958D /* SectionTitle.swift */; };
		4AAA9F2625F032E0005F958D /* SectionTitle.swift in Sources */ = {isa = PBXBuildFile; fileRef = 4AAA9F1D25F032DF005F958D /* SectionTitle.swift */; };
		4AAA9F2725F032E0005F958D /* ToggleButton.swift in Sources */ = {isa = PBXBuildFile; fileRef = 4AAA9F1E25F032DF005F958D /* ToggleButton.swift */; };
		4AAA9F2825F032E0005F958D /* ToggleButton.swift in Sources */ = {isa = PBXBuildFile; fileRef = 4AAA9F1E25F032DF005F958D /* ToggleButton.swift */; };
		4AAA9F2925F032E0005F958D /* FlipView.swift in Sources */ = {isa = PBXBuildFile; fileRef = 4AAA9F1F25F032DF005F958D /* FlipView.swift */; };
		4AAA9F2A25F032E0005F958D /* FlipView.swift in Sources */ = {isa = PBXBuildFile; fileRef = 4AAA9F1F25F032DF005F958D /* FlipView.swift */; };
		4AAA9F2B25F032E0005F958D /* ProgressView.swift in Sources */ = {isa = PBXBuildFile; fileRef = 4AAA9F2025F032DF005F958D /* ProgressView.swift */; };
		4AAA9F2C25F032E0005F958D /* ProgressView.swift in Sources */ = {isa = PBXBuildFile; fileRef = 4AAA9F2025F032DF005F958D /* ProgressView.swift */; };
		4AAA9F2F25F032E0005F958D /* DateTitle.swift in Sources */ = {isa = PBXBuildFile; fileRef = 4AAA9F2225F032DF005F958D /* DateTitle.swift */; };
		4AAA9F3025F032E0005F958D /* DateTitle.swift in Sources */ = {isa = PBXBuildFile; fileRef = 4AAA9F2225F032DF005F958D /* DateTitle.swift */; };
		4AAA9F3225F03417005F958D /* CourseContent.swift in Sources */ = {isa = PBXBuildFile; fileRef = 4AAA9F3125F03417005F958D /* CourseContent.swift */; };
		4AAA9F3325F03417005F958D /* CourseContent.swift in Sources */ = {isa = PBXBuildFile; fileRef = 4AAA9F3125F03417005F958D /* CourseContent.swift */; };
		4AAA9F3525F03434005F958D /* CourseSectionContent.swift in Sources */ = {isa = PBXBuildFile; fileRef = 4AAA9F3425F03434005F958D /* CourseSectionContent.swift */; };
		4AAA9F3625F03434005F958D /* CourseSectionContent.swift in Sources */ = {isa = PBXBuildFile; fileRef = 4AAA9F3425F03434005F958D /* CourseSectionContent.swift */; };
		4AAA9F3E25F0355B005F958D /* CourseItem.swift in Sources */ = {isa = PBXBuildFile; fileRef = 4AAA9F3D25F0355B005F958D /* CourseItem.swift */; };
		4AAA9F3F25F0355B005F958D /* CourseItem.swift in Sources */ = {isa = PBXBuildFile; fileRef = 4AAA9F3D25F0355B005F958D /* CourseItem.swift */; };
		4AAA9F4125F0356D005F958D /* CourseRow.swift in Sources */ = {isa = PBXBuildFile; fileRef = 4AAA9F4025F0356D005F958D /* CourseRow.swift */; };
		4AAA9F4225F0356D005F958D /* CourseRow.swift in Sources */ = {isa = PBXBuildFile; fileRef = 4AAA9F4025F0356D005F958D /* CourseRow.swift */; };
		4AAA9F4425F0358A005F958D /* TutorialItem.swift in Sources */ = {isa = PBXBuildFile; fileRef = 4AAA9F4325F0358A005F958D /* TutorialItem.swift */; };
		4AAA9F4525F0358A005F958D /* TutorialItem.swift in Sources */ = {isa = PBXBuildFile; fileRef = 4AAA9F4325F0358A005F958D /* TutorialItem.swift */; };
		4AAA9F4725F03599005F958D /* TutorialRow.swift in Sources */ = {isa = PBXBuildFile; fileRef = 4AAA9F4625F03599005F958D /* TutorialRow.swift */; };
		4AAA9F4825F03599005F958D /* TutorialRow.swift in Sources */ = {isa = PBXBuildFile; fileRef = 4AAA9F4625F03599005F958D /* TutorialRow.swift */; };
		4AAA9F4A25F035AF005F958D /* TutorialSectionRow.swift in Sources */ = {isa = PBXBuildFile; fileRef = 4AAA9F4925F035AF005F958D /* TutorialSectionRow.swift */; };
		4AAA9F4B25F035AF005F958D /* TutorialSectionRow.swift in Sources */ = {isa = PBXBuildFile; fileRef = 4AAA9F4925F035AF005F958D /* TutorialSectionRow.swift */; };
		4AAA9F4D25F0361B005F958D /* LiveStreamItem.swift in Sources */ = {isa = PBXBuildFile; fileRef = 4AAA9F4C25F0361B005F958D /* LiveStreamItem.swift */; };
		4AAA9F4E25F0361B005F958D /* LiveStreamItem.swift in Sources */ = {isa = PBXBuildFile; fileRef = 4AAA9F4C25F0361B005F958D /* LiveStreamItem.swift */; };
		4AAA9F5025F03630005F958D /* LiveStreamRow.swift in Sources */ = {isa = PBXBuildFile; fileRef = 4AAA9F4F25F03630005F958D /* LiveStreamRow.swift */; };
		4AAA9F5125F03630005F958D /* LiveStreamRow.swift in Sources */ = {isa = PBXBuildFile; fileRef = 4AAA9F4F25F03630005F958D /* LiveStreamRow.swift */; };
		4AAA9F5325F03649005F958D /* CertificateItem.swift in Sources */ = {isa = PBXBuildFile; fileRef = 4AAA9F5225F03649005F958D /* CertificateItem.swift */; };
		4AAA9F5425F03649005F958D /* CertificateItem.swift in Sources */ = {isa = PBXBuildFile; fileRef = 4AAA9F5225F03649005F958D /* CertificateItem.swift */; };
		4AAA9F5D25F04895005F958D /* CloseButton.swift in Sources */ = {isa = PBXBuildFile; fileRef = 4AAA9F5C25F04895005F958D /* CloseButton.swift */; };
		4AAA9F5E25F04895005F958D /* CloseButton.swift in Sources */ = {isa = PBXBuildFile; fileRef = 4AAA9F5C25F04895005F958D /* CloseButton.swift */; };
		4AAACF3B25EBD85600A59D64 /* Course.swift in Sources */ = {isa = PBXBuildFile; fileRef = 4AAACF3A25EBD85600A59D64 /* Course.swift */; };
		4AAACF3C25EBD85600A59D64 /* Course.swift in Sources */ = {isa = PBXBuildFile; fileRef = 4AAACF3A25EBD85600A59D64 /* Course.swift */; };
		4AAACF4225EBF0D300A59D64 /* CourseDetail.swift in Sources */ = {isa = PBXBuildFile; fileRef = 4AAACF4125EBF0D300A59D64 /* CourseDetail.swift */; };
		4AAACF4325EBF0D300A59D64 /* CourseDetail.swift in Sources */ = {isa = PBXBuildFile; fileRef = 4AAACF4125EBF0D300A59D64 /* CourseDetail.swift */; };
		4AAACF4B25EBF32C00A59D64 /* Tutorial.swift in Sources */ = {isa = PBXBuildFile; fileRef = 4AAACF4425EBF32B00A59D64 /* Tutorial.swift */; };
		4AAACF4C25EBF32C00A59D64 /* Tutorial.swift in Sources */ = {isa = PBXBuildFile; fileRef = 4AAACF4425EBF32B00A59D64 /* Tutorial.swift */; };
		4AAACF4D25EBF32C00A59D64 /* TutorialSection.swift in Sources */ = {isa = PBXBuildFile; fileRef = 4AAACF4525EBF32B00A59D64 /* TutorialSection.swift */; };
		4AAACF4E25EBF32C00A59D64 /* TutorialSection.swift in Sources */ = {isa = PBXBuildFile; fileRef = 4AAACF4525EBF32B00A59D64 /* TutorialSection.swift */; };
		4AAACF4F25EBF32C00A59D64 /* CourseSection.swift in Sources */ = {isa = PBXBuildFile; fileRef = 4AAACF4625EBF32B00A59D64 /* CourseSection.swift */; };
		4AAACF5025EBF32C00A59D64 /* CourseSection.swift in Sources */ = {isa = PBXBuildFile; fileRef = 4AAACF4625EBF32B00A59D64 /* CourseSection.swift */; };
		4AAACF5125EBF32C00A59D64 /* LivestreamSection.swift in Sources */ = {isa = PBXBuildFile; fileRef = 4AAACF4725EBF32B00A59D64 /* LivestreamSection.swift */; };
		4AAACF5225EBF32C00A59D64 /* LivestreamSection.swift in Sources */ = {isa = PBXBuildFile; fileRef = 4AAACF4725EBF32B00A59D64 /* LivestreamSection.swift */; };
		4AAACF5325EBF32C00A59D64 /* GradientModel.swift in Sources */ = {isa = PBXBuildFile; fileRef = 4AAACF4825EBF32C00A59D64 /* GradientModel.swift */; };
		4AAACF5425EBF32C00A59D64 /* GradientModel.swift in Sources */ = {isa = PBXBuildFile; fileRef = 4AAACF4825EBF32C00A59D64 /* GradientModel.swift */; };
		4AAACF5725EBF32C00A59D64 /* Livestream.swift in Sources */ = {isa = PBXBuildFile; fileRef = 4AAACF4A25EBF32C00A59D64 /* Livestream.swift */; };
		4AAACF5825EBF32C00A59D64 /* Livestream.swift in Sources */ = {isa = PBXBuildFile; fileRef = 4AAACF4A25EBF32C00A59D64 /* Livestream.swift */; };
		4AAACF6025EBF65E00A59D64 /* VisualEffectBlur.swift in Sources */ = {isa = PBXBuildFile; fileRef = 4AAACF5F25EBF65E00A59D64 /* VisualEffectBlur.swift */; };
		4AAACF6225EBF66900A59D64 /* VisualEffectBlur.swift in Sources */ = {isa = PBXBuildFile; fileRef = 4AAACF6125EBF66900A59D64 /* VisualEffectBlur.swift */; };
		4ABC2020262DBA4D00789F8C /* BinaryTrees.html in Resources */ = {isa = PBXBuildFile; fileRef = 4ABC1FEE262DBA4B00789F8C /* BinaryTrees.html */; };
		4ABC2021262DBA4D00789F8C /* BinaryTrees.html in Resources */ = {isa = PBXBuildFile; fileRef = 4ABC1FEE262DBA4B00789F8C /* BinaryTrees.html */; };
		4ABC2022262DBA4D00789F8C /* BinarySearchTree.html in Resources */ = {isa = PBXBuildFile; fileRef = 4ABC1FEF262DBA4B00789F8C /* BinarySearchTree.html */; };
		4ABC2023262DBA4D00789F8C /* BinarySearchTree.html in Resources */ = {isa = PBXBuildFile; fileRef = 4ABC1FEF262DBA4B00789F8C /* BinarySearchTree.html */; };
		4ABC2024262DBA4D00789F8C /* Oswald-Bold.ttf in Resources */ = {isa = PBXBuildFile; fileRef = 4ABC1FF2262DBA4C00789F8C /* Oswald-Bold.ttf */; };
		4ABC2025262DBA4D00789F8C /* Oswald-Bold.ttf in Resources */ = {isa = PBXBuildFile; fileRef = 4ABC1FF2262DBA4C00789F8C /* Oswald-Bold.ttf */; };
		4ABC2026262DBA4D00789F8C /* Oswald-SemiBold.ttf in Resources */ = {isa = PBXBuildFile; fileRef = 4ABC1FF3262DBA4C00789F8C /* Oswald-SemiBold.ttf */; };
		4ABC2027262DBA4D00789F8C /* Oswald-SemiBold.ttf in Resources */ = {isa = PBXBuildFile; fileRef = 4ABC1FF3262DBA4C00789F8C /* Oswald-SemiBold.ttf */; };
		4ABC2028262DBA4D00789F8C /* Oswald-Medium.ttf in Resources */ = {isa = PBXBuildFile; fileRef = 4ABC1FF4262DBA4C00789F8C /* Oswald-Medium.ttf */; };
		4ABC2029262DBA4D00789F8C /* Oswald-Medium.ttf in Resources */ = {isa = PBXBuildFile; fileRef = 4ABC1FF4262DBA4C00789F8C /* Oswald-Medium.ttf */; };
		4ABC202A262DBA4D00789F8C /* Oswald-Regular.ttf in Resources */ = {isa = PBXBuildFile; fileRef = 4ABC1FF5262DBA4C00789F8C /* Oswald-Regular.ttf */; };
		4ABC202B262DBA4D00789F8C /* Oswald-Regular.ttf in Resources */ = {isa = PBXBuildFile; fileRef = 4ABC1FF5262DBA4C00789F8C /* Oswald-Regular.ttf */; };
		4ABC202C262DBA4D00789F8C /* Oswald-ExtraLight.ttf in Resources */ = {isa = PBXBuildFile; fileRef = 4ABC1FF6262DBA4C00789F8C /* Oswald-ExtraLight.ttf */; };
		4ABC202D262DBA4D00789F8C /* Oswald-ExtraLight.ttf in Resources */ = {isa = PBXBuildFile; fileRef = 4ABC1FF6262DBA4C00789F8C /* Oswald-ExtraLight.ttf */; };
		4ABC202E262DBA4D00789F8C /* Oswald-Light.ttf in Resources */ = {isa = PBXBuildFile; fileRef = 4ABC1FF7262DBA4C00789F8C /* Oswald-Light.ttf */; };
		4ABC202F262DBA4D00789F8C /* Oswald-Light.ttf in Resources */ = {isa = PBXBuildFile; fileRef = 4ABC1FF7262DBA4C00789F8C /* Oswald-Light.ttf */; };
		4ABC2030262DBA4D00789F8C /* Roboto-Medium.ttf in Resources */ = {isa = PBXBuildFile; fileRef = 4ABC1FF9262DBA4C00789F8C /* Roboto-Medium.ttf */; };
		4ABC2031262DBA4D00789F8C /* Roboto-Medium.ttf in Resources */ = {isa = PBXBuildFile; fileRef = 4ABC1FF9262DBA4C00789F8C /* Roboto-Medium.ttf */; };
		4ABC2032262DBA4D00789F8C /* Roboto-Light.ttf in Resources */ = {isa = PBXBuildFile; fileRef = 4ABC1FFA262DBA4C00789F8C /* Roboto-Light.ttf */; };
		4ABC2033262DBA4D00789F8C /* Roboto-Light.ttf in Resources */ = {isa = PBXBuildFile; fileRef = 4ABC1FFA262DBA4C00789F8C /* Roboto-Light.ttf */; };
		4ABC2034262DBA4D00789F8C /* Roboto-Regular.ttf in Resources */ = {isa = PBXBuildFile; fileRef = 4ABC1FFB262DBA4C00789F8C /* Roboto-Regular.ttf */; };
		4ABC2035262DBA4D00789F8C /* Roboto-Regular.ttf in Resources */ = {isa = PBXBuildFile; fileRef = 4ABC1FFB262DBA4C00789F8C /* Roboto-Regular.ttf */; };
		4ABC2036262DBA4D00789F8C /* Roboto-MediumItalic.ttf in Resources */ = {isa = PBXBuildFile; fileRef = 4ABC1FFC262DBA4C00789F8C /* Roboto-MediumItalic.ttf */; };
		4ABC2037262DBA4D00789F8C /* Roboto-MediumItalic.ttf in Resources */ = {isa = PBXBuildFile; fileRef = 4ABC1FFC262DBA4C00789F8C /* Roboto-MediumItalic.ttf */; };
		4ABC2038262DBA4D00789F8C /* Roboto-ThinItalic.ttf in Resources */ = {isa = PBXBuildFile; fileRef = 4ABC1FFD262DBA4C00789F8C /* Roboto-ThinItalic.ttf */; };
		4ABC2039262DBA4D00789F8C /* Roboto-ThinItalic.ttf in Resources */ = {isa = PBXBuildFile; fileRef = 4ABC1FFD262DBA4C00789F8C /* Roboto-ThinItalic.ttf */; };
		4ABC203A262DBA4D00789F8C /* Roboto-BoldItalic.ttf in Resources */ = {isa = PBXBuildFile; fileRef = 4ABC1FFE262DBA4C00789F8C /* Roboto-BoldItalic.ttf */; };
		4ABC203B262DBA4D00789F8C /* Roboto-BoldItalic.ttf in Resources */ = {isa = PBXBuildFile; fileRef = 4ABC1FFE262DBA4C00789F8C /* Roboto-BoldItalic.ttf */; };
		4ABC203C262DBA4D00789F8C /* Roboto-LightItalic.ttf in Resources */ = {isa = PBXBuildFile; fileRef = 4ABC1FFF262DBA4C00789F8C /* Roboto-LightItalic.ttf */; };
		4ABC203D262DBA4D00789F8C /* Roboto-LightItalic.ttf in Resources */ = {isa = PBXBuildFile; fileRef = 4ABC1FFF262DBA4C00789F8C /* Roboto-LightItalic.ttf */; };
		4ABC203E262DBA4D00789F8C /* Roboto-Italic.ttf in Resources */ = {isa = PBXBuildFile; fileRef = 4ABC2000262DBA4C00789F8C /* Roboto-Italic.ttf */; };
		4ABC203F262DBA4D00789F8C /* Roboto-Italic.ttf in Resources */ = {isa = PBXBuildFile; fileRef = 4ABC2000262DBA4C00789F8C /* Roboto-Italic.ttf */; };
		4ABC2040262DBA4D00789F8C /* LICENSE.txt in Resources */ = {isa = PBXBuildFile; fileRef = 4ABC2001262DBA4C00789F8C /* LICENSE.txt */; };
		4ABC2041262DBA4D00789F8C /* LICENSE.txt in Resources */ = {isa = PBXBuildFile; fileRef = 4ABC2001262DBA4C00789F8C /* LICENSE.txt */; };
		4ABC2042262DBA4D00789F8C /* Roboto-BlackItalic.ttf in Resources */ = {isa = PBXBuildFile; fileRef = 4ABC2002262DBA4C00789F8C /* Roboto-BlackItalic.ttf */; };
		4ABC2043262DBA4D00789F8C /* Roboto-BlackItalic.ttf in Resources */ = {isa = PBXBuildFile; fileRef = 4ABC2002262DBA4C00789F8C /* Roboto-BlackItalic.ttf */; };
		4ABC2044262DBA4D00789F8C /* Roboto-Bold.ttf in Resources */ = {isa = PBXBuildFile; fileRef = 4ABC2003262DBA4C00789F8C /* Roboto-Bold.ttf */; };
		4ABC2045262DBA4D00789F8C /* Roboto-Bold.ttf in Resources */ = {isa = PBXBuildFile; fileRef = 4ABC2003262DBA4C00789F8C /* Roboto-Bold.ttf */; };
		4ABC2046262DBA4D00789F8C /* Roboto-Thin.ttf in Resources */ = {isa = PBXBuildFile; fileRef = 4ABC2004262DBA4C00789F8C /* Roboto-Thin.ttf */; };
		4ABC2047262DBA4D00789F8C /* Roboto-Thin.ttf in Resources */ = {isa = PBXBuildFile; fileRef = 4ABC2004262DBA4C00789F8C /* Roboto-Thin.ttf */; };
		4ABC2048262DBA4D00789F8C /* Roboto-Black.ttf in Resources */ = {isa = PBXBuildFile; fileRef = 4ABC2005262DBA4C00789F8C /* Roboto-Black.ttf */; };
		4ABC2049262DBA4D00789F8C /* Roboto-Black.ttf in Resources */ = {isa = PBXBuildFile; fileRef = 4ABC2005262DBA4C00789F8C /* Roboto-Black.ttf */; };
		4ABC204A262DBA4D00789F8C /* Raleway-BoldItalic.ttf in Resources */ = {isa = PBXBuildFile; fileRef = 4ABC2007262DBA4C00789F8C /* Raleway-BoldItalic.ttf */; };
		4ABC204B262DBA4D00789F8C /* Raleway-BoldItalic.ttf in Resources */ = {isa = PBXBuildFile; fileRef = 4ABC2007262DBA4C00789F8C /* Raleway-BoldItalic.ttf */; };
		4ABC204C262DBA4D00789F8C /* Raleway-MediumItalic.ttf in Resources */ = {isa = PBXBuildFile; fileRef = 4ABC2008262DBA4C00789F8C /* Raleway-MediumItalic.ttf */; };
		4ABC204D262DBA4D00789F8C /* Raleway-MediumItalic.ttf in Resources */ = {isa = PBXBuildFile; fileRef = 4ABC2008262DBA4C00789F8C /* Raleway-MediumItalic.ttf */; };
		4ABC204E262DBA4D00789F8C /* Raleway-ThinItalic.ttf in Resources */ = {isa = PBXBuildFile; fileRef = 4ABC2009262DBA4C00789F8C /* Raleway-ThinItalic.ttf */; };
		4ABC204F262DBA4D00789F8C /* Raleway-ThinItalic.ttf in Resources */ = {isa = PBXBuildFile; fileRef = 4ABC2009262DBA4C00789F8C /* Raleway-ThinItalic.ttf */; };
		4ABC2050262DBA4D00789F8C /* Raleway-ExtraLight.ttf in Resources */ = {isa = PBXBuildFile; fileRef = 4ABC200A262DBA4C00789F8C /* Raleway-ExtraLight.ttf */; };
		4ABC2051262DBA4D00789F8C /* Raleway-ExtraLight.ttf in Resources */ = {isa = PBXBuildFile; fileRef = 4ABC200A262DBA4C00789F8C /* Raleway-ExtraLight.ttf */; };
		4ABC2052262DBA4D00789F8C /* Raleway-Medium.ttf in Resources */ = {isa = PBXBuildFile; fileRef = 4ABC200B262DBA4C00789F8C /* Raleway-Medium.ttf */; };
		4ABC2053262DBA4D00789F8C /* Raleway-Medium.ttf in Resources */ = {isa = PBXBuildFile; fileRef = 4ABC200B262DBA4C00789F8C /* Raleway-Medium.ttf */; };
		4ABC2054262DBA4D00789F8C /* Raleway-SemiBold.ttf in Resources */ = {isa = PBXBuildFile; fileRef = 4ABC200C262DBA4C00789F8C /* Raleway-SemiBold.ttf */; };
		4ABC2055262DBA4D00789F8C /* Raleway-SemiBold.ttf in Resources */ = {isa = PBXBuildFile; fileRef = 4ABC200C262DBA4C00789F8C /* Raleway-SemiBold.ttf */; };
		4ABC2056262DBA4D00789F8C /* Raleway-ExtraBold.ttf in Resources */ = {isa = PBXBuildFile; fileRef = 4ABC200D262DBA4C00789F8C /* Raleway-ExtraBold.ttf */; };
		4ABC2057262DBA4D00789F8C /* Raleway-ExtraBold.ttf in Resources */ = {isa = PBXBuildFile; fileRef = 4ABC200D262DBA4C00789F8C /* Raleway-ExtraBold.ttf */; };
		4ABC2058262DBA4D00789F8C /* Raleway-ExtraBoldItalic.ttf in Resources */ = {isa = PBXBuildFile; fileRef = 4ABC200E262DBA4C00789F8C /* Raleway-ExtraBoldItalic.ttf */; };
		4ABC2059262DBA4D00789F8C /* Raleway-ExtraBoldItalic.ttf in Resources */ = {isa = PBXBuildFile; fileRef = 4ABC200E262DBA4C00789F8C /* Raleway-ExtraBoldItalic.ttf */; };
		4ABC205A262DBA4D00789F8C /* Raleway-Regular.ttf in Resources */ = {isa = PBXBuildFile; fileRef = 4ABC200F262DBA4C00789F8C /* Raleway-Regular.ttf */; };
		4ABC205B262DBA4D00789F8C /* Raleway-Regular.ttf in Resources */ = {isa = PBXBuildFile; fileRef = 4ABC200F262DBA4C00789F8C /* Raleway-Regular.ttf */; };
		4ABC205C262DBA4D00789F8C /* Raleway-ExtraLightItalic.ttf in Resources */ = {isa = PBXBuildFile; fileRef = 4ABC2010262DBA4C00789F8C /* Raleway-ExtraLightItalic.ttf */; };
		4ABC205D262DBA4D00789F8C /* Raleway-ExtraLightItalic.ttf in Resources */ = {isa = PBXBuildFile; fileRef = 4ABC2010262DBA4C00789F8C /* Raleway-ExtraLightItalic.ttf */; };
		4ABC205E262DBA4D00789F8C /* Raleway-SemiBoldItalic.ttf in Resources */ = {isa = PBXBuildFile; fileRef = 4ABC2011262DBA4C00789F8C /* Raleway-SemiBoldItalic.ttf */; };
		4ABC205F262DBA4D00789F8C /* Raleway-SemiBoldItalic.ttf in Resources */ = {isa = PBXBuildFile; fileRef = 4ABC2011262DBA4C00789F8C /* Raleway-SemiBoldItalic.ttf */; };
		4ABC2060262DBA4D00789F8C /* Raleway-Light.ttf in Resources */ = {isa = PBXBuildFile; fileRef = 4ABC2012262DBA4C00789F8C /* Raleway-Light.ttf */; };
		4ABC2061262DBA4D00789F8C /* Raleway-Light.ttf in Resources */ = {isa = PBXBuildFile; fileRef = 4ABC2012262DBA4C00789F8C /* Raleway-Light.ttf */; };
		4ABC2062262DBA4D00789F8C /* Raleway-Black.ttf in Resources */ = {isa = PBXBuildFile; fileRef = 4ABC2013262DBA4C00789F8C /* Raleway-Black.ttf */; };
		4ABC2063262DBA4D00789F8C /* Raleway-Black.ttf in Resources */ = {isa = PBXBuildFile; fileRef = 4ABC2013262DBA4C00789F8C /* Raleway-Black.ttf */; };
		4ABC2064262DBA4D00789F8C /* Raleway-BlackItalic.ttf in Resources */ = {isa = PBXBuildFile; fileRef = 4ABC2014262DBA4C00789F8C /* Raleway-BlackItalic.ttf */; };
		4ABC2065262DBA4D00789F8C /* Raleway-BlackItalic.ttf in Resources */ = {isa = PBXBuildFile; fileRef = 4ABC2014262DBA4C00789F8C /* Raleway-BlackItalic.ttf */; };
		4ABC2066262DBA4D00789F8C /* Raleway-LightItalic.ttf in Resources */ = {isa = PBXBuildFile; fileRef = 4ABC2015262DBA4C00789F8C /* Raleway-LightItalic.ttf */; };
		4ABC2067262DBA4D00789F8C /* Raleway-LightItalic.ttf in Resources */ = {isa = PBXBuildFile; fileRef = 4ABC2015262DBA4C00789F8C /* Raleway-LightItalic.ttf */; };
		4ABC2068262DBA4D00789F8C /* Raleway-Thin.ttf in Resources */ = {isa = PBXBuildFile; fileRef = 4ABC2016262DBA4C00789F8C /* Raleway-Thin.ttf */; };
		4ABC2069262DBA4D00789F8C /* Raleway-Thin.ttf in Resources */ = {isa = PBXBuildFile; fileRef = 4ABC2016262DBA4C00789F8C /* Raleway-Thin.ttf */; };
		4ABC206A262DBA4D00789F8C /* Raleway-Italic.ttf in Resources */ = {isa = PBXBuildFile; fileRef = 4ABC2017262DBA4C00789F8C /* Raleway-Italic.ttf */; };
		4ABC206B262DBA4D00789F8C /* Raleway-Italic.ttf in Resources */ = {isa = PBXBuildFile; fileRef = 4ABC2017262DBA4C00789F8C /* Raleway-Italic.ttf */; };
		4ABC206C262DBA4D00789F8C /* Raleway-Bold.ttf in Resources */ = {isa = PBXBuildFile; fileRef = 4ABC2018262DBA4C00789F8C /* Raleway-Bold.ttf */; };
		4ABC206D262DBA4D00789F8C /* Raleway-Bold.ttf in Resources */ = {isa = PBXBuildFile; fileRef = 4ABC2018262DBA4C00789F8C /* Raleway-Bold.ttf */; };
		4ABC206E262DBA4D00789F8C /* style.css in Resources */ = {isa = PBXBuildFile; fileRef = 4ABC2019262DBA4C00789F8C /* style.css */; };
		4ABC206F262DBA4D00789F8C /* style.css in Resources */ = {isa = PBXBuildFile; fileRef = 4ABC2019262DBA4C00789F8C /* style.css */; };
		4ABC2070262DBA4D00789F8C /* AVLTreesInsertion.html in Resources */ = {isa = PBXBuildFile; fileRef = 4ABC201A262DBA4C00789F8C /* AVLTreesInsertion.html */; };
		4ABC2071262DBA4D00789F8C /* AVLTreesInsertion.html in Resources */ = {isa = PBXBuildFile; fileRef = 4ABC201A262DBA4C00789F8C /* AVLTreesInsertion.html */; };
		4ABC2072262DBA4D00789F8C /* AVLTree.html in Resources */ = {isa = PBXBuildFile; fileRef = 4ABC201B262DBA4C00789F8C /* AVLTree.html */; };
		4ABC2073262DBA4D00789F8C /* AVLTree.html in Resources */ = {isa = PBXBuildFile; fileRef = 4ABC201B262DBA4C00789F8C /* AVLTree.html */; };
		4ABC2074262DBA4D00789F8C /* IntroductionToTrees.html in Resources */ = {isa = PBXBuildFile; fileRef = 4ABC201C262DBA4D00789F8C /* IntroductionToTrees.html */; };
		4ABC2075262DBA4D00789F8C /* IntroductionToTrees.html in Resources */ = {isa = PBXBuildFile; fileRef = 4ABC201C262DBA4D00789F8C /* IntroductionToTrees.html */; };
		4ABC2076262DBA4D00789F8C /* SpanningTree.html in Resources */ = {isa = PBXBuildFile; fileRef = 4ABC201D262DBA4D00789F8C /* SpanningTree.html */; };
		4ABC2077262DBA4D00789F8C /* SpanningTree.html in Resources */ = {isa = PBXBuildFile; fileRef = 4ABC201D262DBA4D00789F8C /* SpanningTree.html */; };
		4ABC2078262DBA4D00789F8C /* AVLTreesDeletion.html in Resources */ = {isa = PBXBuildFile; fileRef = 4ABC201E262DBA4D00789F8C /* AVLTreesDeletion.html */; };
		4ABC2079262DBA4D00789F8C /* AVLTreesDeletion.html in Resources */ = {isa = PBXBuildFile; fileRef = 4ABC201E262DBA4D00789F8C /* AVLTreesDeletion.html */; };
		4ABC207A262DBA4D00789F8C /* TraversingBinary.html in Resources */ = {isa = PBXBuildFile; fileRef = 4ABC201F262DBA4D00789F8C /* TraversingBinary.html */; };
		4ABC207B262DBA4D00789F8C /* TraversingBinary.html in Resources */ = {isa = PBXBuildFile; fileRef = 4ABC201F262DBA4D00789F8C /* TraversingBinary.html */; };
		4ACD162525EB092000A1DE99 /* Tests_iOS.swift in Sources */ = {isa = PBXBuildFile; fileRef = 4ACD162425EB092000A1DE99 /* Tests_iOS.swift */; };
		4ACD163025EB092000A1DE99 /* Tests_macOS.swift in Sources */ = {isa = PBXBuildFile; fileRef = 4ACD162F25EB092000A1DE99 /* Tests_macOS.swift */; };
		4ACD163225EB092000A1DE99 /* MyTreeTutorApp.xcdatamodeld in Sources */ = {isa = PBXBuildFile; fileRef = 4ACD160625EB091F00A1DE99 /* MyTreeTutorApp.xcdatamodeld */; };
		4ACD163325EB092000A1DE99 /* MyTreeTutorApp.xcdatamodeld in Sources */ = {isa = PBXBuildFile; fileRef = 4ACD160625EB091F00A1DE99 /* MyTreeTutorApp.xcdatamodeld */; };
		4ACD163425EB092000A1DE99 /* MyTreeTutorApp.swift in Sources */ = {isa = PBXBuildFile; fileRef = 4ACD160825EB091F00A1DE99 /* MyTreeTutorApp.swift */; };
		4ACD163525EB092000A1DE99 /* MyTreeTutorApp.swift in Sources */ = {isa = PBXBuildFile; fileRef = 4ACD160825EB091F00A1DE99 /* MyTreeTutorApp.swift */; };
		4ACD163625EB092000A1DE99 /* ContentView.swift in Sources */ = {isa = PBXBuildFile; fileRef = 4ACD160925EB091F00A1DE99 /* ContentView.swift */; };
		4ACD163725EB092000A1DE99 /* ContentView.swift in Sources */ = {isa = PBXBuildFile; fileRef = 4ACD160925EB091F00A1DE99 /* ContentView.swift */; };
		4ACD163A25EB092000A1DE99 /* Assets.xcassets in Resources */ = {isa = PBXBuildFile; fileRef = 4ACD160B25EB092000A1DE99 /* Assets.xcassets */; };
		4ACD163B25EB092000A1DE99 /* Assets.xcassets in Resources */ = {isa = PBXBuildFile; fileRef = 4ACD160B25EB092000A1DE99 /* Assets.xcassets */; };
		4AD9564725ED124E00BF8C7A /* CourseSectionDetail.swift in Sources */ = {isa = PBXBuildFile; fileRef = 4AD9564625ED124E00BF8C7A /* CourseSectionDetail.swift */; };
		4AD9564825ED124E00BF8C7A /* CourseSectionDetail.swift in Sources */ = {isa = PBXBuildFile; fileRef = 4AD9564625ED124E00BF8C7A /* CourseSectionDetail.swift */; };
		CE61073A26137B0B008C6512 /* Images.swift in Sources */ = {isa = PBXBuildFile; fileRef = CE61073926137B0B008C6512 /* Images.swift */; };
		CE6DDA3626137256005A0F5A /* AlgorithmStep.swift in Sources */ = {isa = PBXBuildFile; fileRef = CE6DDA3526137256005A0F5A /* AlgorithmStep.swift */; };
		CE6DDA3C26137271005A0F5A /* TreeAlgorithm.swift in Sources */ = {isa = PBXBuildFile; fileRef = CE6DDA3B26137271005A0F5A /* TreeAlgorithm.swift */; };
		CE6DDA4226137294005A0F5A /* Tree+AlgorithmStepGeneration.swift in Sources */ = {isa = PBXBuildFile; fileRef = CE6DDA4126137294005A0F5A /* Tree+AlgorithmStepGeneration.swift */; };
		CE6DDA48261372BA005A0F5A /* BinaryTreeViewModel.swift in Sources */ = {isa = PBXBuildFile; fileRef = CE6DDA47261372BA005A0F5A /* BinaryTreeViewModel.swift */; };
		CED0499C261F3A5F00CE0BE2 /* HTMLText.swift in Sources */ = {isa = PBXBuildFile; fileRef = CED0499B261F3A5F00CE0BE2 /* HTMLText.swift */; };
		CED0499D261F3A5F00CE0BE2 /* HTMLText.swift in Sources */ = {isa = PBXBuildFile; fileRef = CED0499B261F3A5F00CE0BE2 /* HTMLText.swift */; };
		CED049CA261F429600CE0BE2 /* BlurView.swift in Sources */ = {isa = PBXBuildFile; fileRef = CED049C9261F429600CE0BE2 /* BlurView.swift */; };
		CED049CB261F429600CE0BE2 /* BlurView.swift in Sources */ = {isa = PBXBuildFile; fileRef = CED049C9261F429600CE0BE2 /* BlurView.swift */; };
		CED049D1261F456D00CE0BE2 /* BigButtonStyle.swift in Sources */ = {isa = PBXBuildFile; fileRef = CED049D0261F456D00CE0BE2 /* BigButtonStyle.swift */; };
		CED049D2261F456D00CE0BE2 /* BigButtonStyle.swift in Sources */ = {isa = PBXBuildFile; fileRef = CED049D0261F456D00CE0BE2 /* BigButtonStyle.swift */; };
/* End PBXBuildFile section */

/* Begin PBXContainerItemProxy section */
		4ACD162125EB092000A1DE99 /* PBXContainerItemProxy */ = {
			isa = PBXContainerItemProxy;
			containerPortal = 4ACD160125EB091F00A1DE99 /* Project object */;
			proxyType = 1;
			remoteGlobalIDString = 4ACD160F25EB092000A1DE99;
			remoteInfo = "MyTreeTutorApp (iOS)";
		};
		4ACD162C25EB092000A1DE99 /* PBXContainerItemProxy */ = {
			isa = PBXContainerItemProxy;
			containerPortal = 4ACD160125EB091F00A1DE99 /* Project object */;
			proxyType = 1;
			remoteGlobalIDString = 4ACD161725EB092000A1DE99;
			remoteInfo = "MyTreeTutorApp (macOS)";
		};
/* End PBXContainerItemProxy section */

/* Begin PBXFileReference section */
		4A24C0DD260269360046A99D /* TreesView.swift */ = {isa = PBXFileReference; lastKnownFileType = sourcecode.swift; path = TreesView.swift; sourceTree = "<group>"; };
		4A24C0E126026A030046A99D /* TreeItem.swift */ = {isa = PBXFileReference; lastKnownFileType = sourcecode.swift; path = TreeItem.swift; sourceTree = "<group>"; };
		4A2BBE56260BBC4100BEC829 /* TreeType.swift */ = {isa = PBXFileReference; lastKnownFileType = sourcecode.swift; path = TreeType.swift; sourceTree = "<group>"; };
		4A50BC592603D52B00286FBA /* Diagrams.swift */ = {isa = PBXFileReference; lastKnownFileType = sourcecode.swift; path = Diagrams.swift; sourceTree = "<group>"; };
		4A50BC5F2603D5AF00286FBA /* TreeDetail.swift */ = {isa = PBXFileReference; lastKnownFileType = sourcecode.swift; path = TreeDetail.swift; sourceTree = "<group>"; };
		4A594DDF2606290700F9954A /* Color.swift */ = {isa = PBXFileReference; lastKnownFileType = sourcecode.swift; path = Color.swift; sourceTree = "<group>"; };
		4A594DE526062D8700F9954A /* TODO.swift */ = {isa = PBXFileReference; lastKnownFileType = sourcecode.swift; path = TODO.swift; sourceTree = "<group>"; };
		4A81EC0E260E329A0022F3C6 /* StaticTreeData.swift */ = {isa = PBXFileReference; lastKnownFileType = sourcecode.swift; path = StaticTreeData.swift; sourceTree = "<group>"; };
		4A81EC14260E32E50022F3C6 /* View+Circle.swift */ = {isa = PBXFileReference; fileEncoding = 4; lastKnownFileType = sourcecode.swift; path = "View+Circle.swift"; sourceTree = "<group>"; };
		4A81EC1A260E33430022F3C6 /* Tree+Unique.swift */ = {isa = PBXFileReference; lastKnownFileType = sourcecode.swift; path = "Tree+Unique.swift"; sourceTree = "<group>"; };
		4A81EC20260E33A50022F3C6 /* BinaryTreeView.swift */ = {isa = PBXFileReference; lastKnownFileType = sourcecode.swift; path = BinaryTreeView.swift; sourceTree = "<group>"; };
		4AAA9EFB25F02ACA005F958D /* CoursesView.swift */ = {isa = PBXFileReference; lastKnownFileType = sourcecode.swift; path = CoursesView.swift; sourceTree = "<group>"; };
		4AAA9EFD25F02AF9005F958D /* TutorialsView.swift */ = {isa = PBXFileReference; lastKnownFileType = sourcecode.swift; path = TutorialsView.swift; sourceTree = "<group>"; };
		4AAA9F0325F02C31005F958D /* CoursesView.swift */ = {isa = PBXFileReference; lastKnownFileType = sourcecode.swift; path = CoursesView.swift; sourceTree = "<group>"; };
		4AAA9F1025F02F5D005F958D /* TutorialSectionDetail.swift */ = {isa = PBXFileReference; lastKnownFileType = sourcecode.swift; path = TutorialSectionDetail.swift; sourceTree = "<group>"; };
		4AAA9F1325F02F9C005F958D /* TutorialPages.swift */ = {isa = PBXFileReference; lastKnownFileType = sourcecode.swift; path = TutorialPages.swift; sourceTree = "<group>"; };
		4AAA9F1925F03072005F958D /* SearchView.swift */ = {isa = PBXFileReference; lastKnownFileType = sourcecode.swift; path = SearchView.swift; sourceTree = "<group>"; };
		4AAA9F1D25F032DF005F958D /* SectionTitle.swift */ = {isa = PBXFileReference; fileEncoding = 4; lastKnownFileType = sourcecode.swift; path = SectionTitle.swift; sourceTree = "<group>"; };
		4AAA9F1E25F032DF005F958D /* ToggleButton.swift */ = {isa = PBXFileReference; fileEncoding = 4; lastKnownFileType = sourcecode.swift; path = ToggleButton.swift; sourceTree = "<group>"; };
		4AAA9F1F25F032DF005F958D /* FlipView.swift */ = {isa = PBXFileReference; fileEncoding = 4; lastKnownFileType = sourcecode.swift; path = FlipView.swift; sourceTree = "<group>"; };
		4AAA9F2025F032DF005F958D /* ProgressView.swift */ = {isa = PBXFileReference; fileEncoding = 4; lastKnownFileType = sourcecode.swift; path = ProgressView.swift; sourceTree = "<group>"; };
		4AAA9F2225F032DF005F958D /* DateTitle.swift */ = {isa = PBXFileReference; fileEncoding = 4; lastKnownFileType = sourcecode.swift; path = DateTitle.swift; sourceTree = "<group>"; };
		4AAA9F3125F03417005F958D /* CourseContent.swift */ = {isa = PBXFileReference; lastKnownFileType = sourcecode.swift; path = CourseContent.swift; sourceTree = "<group>"; };
		4AAA9F3425F03434005F958D /* CourseSectionContent.swift */ = {isa = PBXFileReference; lastKnownFileType = sourcecode.swift; path = CourseSectionContent.swift; sourceTree = "<group>"; };
		4AAA9F3D25F0355B005F958D /* CourseItem.swift */ = {isa = PBXFileReference; lastKnownFileType = sourcecode.swift; path = CourseItem.swift; sourceTree = "<group>"; };
		4AAA9F4025F0356D005F958D /* CourseRow.swift */ = {isa = PBXFileReference; lastKnownFileType = sourcecode.swift; path = CourseRow.swift; sourceTree = "<group>"; };
		4AAA9F4325F0358A005F958D /* TutorialItem.swift */ = {isa = PBXFileReference; lastKnownFileType = sourcecode.swift; path = TutorialItem.swift; sourceTree = "<group>"; };
		4AAA9F4625F03599005F958D /* TutorialRow.swift */ = {isa = PBXFileReference; lastKnownFileType = sourcecode.swift; path = TutorialRow.swift; sourceTree = "<group>"; };
		4AAA9F4925F035AF005F958D /* TutorialSectionRow.swift */ = {isa = PBXFileReference; lastKnownFileType = sourcecode.swift; path = TutorialSectionRow.swift; sourceTree = "<group>"; };
		4AAA9F4C25F0361B005F958D /* LiveStreamItem.swift */ = {isa = PBXFileReference; lastKnownFileType = sourcecode.swift; path = LiveStreamItem.swift; sourceTree = "<group>"; };
		4AAA9F4F25F03630005F958D /* LiveStreamRow.swift */ = {isa = PBXFileReference; lastKnownFileType = sourcecode.swift; path = LiveStreamRow.swift; sourceTree = "<group>"; };
		4AAA9F5225F03649005F958D /* CertificateItem.swift */ = {isa = PBXFileReference; lastKnownFileType = sourcecode.swift; path = CertificateItem.swift; sourceTree = "<group>"; };
		4AAA9F5C25F04895005F958D /* CloseButton.swift */ = {isa = PBXFileReference; lastKnownFileType = sourcecode.swift; path = CloseButton.swift; sourceTree = "<group>"; };
		4AAACF3A25EBD85600A59D64 /* Course.swift */ = {isa = PBXFileReference; lastKnownFileType = sourcecode.swift; path = Course.swift; sourceTree = "<group>"; };
		4AAACF4125EBF0D300A59D64 /* CourseDetail.swift */ = {isa = PBXFileReference; lastKnownFileType = sourcecode.swift; path = CourseDetail.swift; sourceTree = "<group>"; };
		4AAACF4425EBF32B00A59D64 /* Tutorial.swift */ = {isa = PBXFileReference; fileEncoding = 4; lastKnownFileType = sourcecode.swift; path = Tutorial.swift; sourceTree = "<group>"; };
		4AAACF4525EBF32B00A59D64 /* TutorialSection.swift */ = {isa = PBXFileReference; fileEncoding = 4; lastKnownFileType = sourcecode.swift; path = TutorialSection.swift; sourceTree = "<group>"; };
		4AAACF4625EBF32B00A59D64 /* CourseSection.swift */ = {isa = PBXFileReference; fileEncoding = 4; lastKnownFileType = sourcecode.swift; path = CourseSection.swift; sourceTree = "<group>"; };
		4AAACF4725EBF32B00A59D64 /* LivestreamSection.swift */ = {isa = PBXFileReference; fileEncoding = 4; lastKnownFileType = sourcecode.swift; path = LivestreamSection.swift; sourceTree = "<group>"; };
		4AAACF4825EBF32C00A59D64 /* GradientModel.swift */ = {isa = PBXFileReference; fileEncoding = 4; lastKnownFileType = sourcecode.swift; path = GradientModel.swift; sourceTree = "<group>"; };
		4AAACF4A25EBF32C00A59D64 /* Livestream.swift */ = {isa = PBXFileReference; fileEncoding = 4; lastKnownFileType = sourcecode.swift; path = Livestream.swift; sourceTree = "<group>"; };
		4AAACF5F25EBF65E00A59D64 /* VisualEffectBlur.swift */ = {isa = PBXFileReference; fileEncoding = 4; lastKnownFileType = sourcecode.swift; path = VisualEffectBlur.swift; sourceTree = "<group>"; };
		4AAACF6125EBF66900A59D64 /* VisualEffectBlur.swift */ = {isa = PBXFileReference; fileEncoding = 4; lastKnownFileType = sourcecode.swift; path = VisualEffectBlur.swift; sourceTree = "<group>"; };
		4ABC1FEE262DBA4B00789F8C /* BinaryTrees.html */ = {isa = PBXFileReference; fileEncoding = 4; lastKnownFileType = text.html; path = BinaryTrees.html; sourceTree = "<group>"; };
		4ABC1FEF262DBA4B00789F8C /* BinarySearchTree.html */ = {isa = PBXFileReference; fileEncoding = 4; lastKnownFileType = text.html; path = BinarySearchTree.html; sourceTree = "<group>"; };
		4ABC1FF2262DBA4C00789F8C /* Oswald-Bold.ttf */ = {isa = PBXFileReference; lastKnownFileType = file; path = "Oswald-Bold.ttf"; sourceTree = "<group>"; };
		4ABC1FF3262DBA4C00789F8C /* Oswald-SemiBold.ttf */ = {isa = PBXFileReference; lastKnownFileType = file; path = "Oswald-SemiBold.ttf"; sourceTree = "<group>"; };
		4ABC1FF4262DBA4C00789F8C /* Oswald-Medium.ttf */ = {isa = PBXFileReference; lastKnownFileType = file; path = "Oswald-Medium.ttf"; sourceTree = "<group>"; };
		4ABC1FF5262DBA4C00789F8C /* Oswald-Regular.ttf */ = {isa = PBXFileReference; lastKnownFileType = file; path = "Oswald-Regular.ttf"; sourceTree = "<group>"; };
		4ABC1FF6262DBA4C00789F8C /* Oswald-ExtraLight.ttf */ = {isa = PBXFileReference; lastKnownFileType = file; path = "Oswald-ExtraLight.ttf"; sourceTree = "<group>"; };
		4ABC1FF7262DBA4C00789F8C /* Oswald-Light.ttf */ = {isa = PBXFileReference; lastKnownFileType = file; path = "Oswald-Light.ttf"; sourceTree = "<group>"; };
		4ABC1FF9262DBA4C00789F8C /* Roboto-Medium.ttf */ = {isa = PBXFileReference; lastKnownFileType = file; path = "Roboto-Medium.ttf"; sourceTree = "<group>"; };
		4ABC1FFA262DBA4C00789F8C /* Roboto-Light.ttf */ = {isa = PBXFileReference; lastKnownFileType = file; path = "Roboto-Light.ttf"; sourceTree = "<group>"; };
		4ABC1FFB262DBA4C00789F8C /* Roboto-Regular.ttf */ = {isa = PBXFileReference; lastKnownFileType = file; path = "Roboto-Regular.ttf"; sourceTree = "<group>"; };
		4ABC1FFC262DBA4C00789F8C /* Roboto-MediumItalic.ttf */ = {isa = PBXFileReference; lastKnownFileType = file; path = "Roboto-MediumItalic.ttf"; sourceTree = "<group>"; };
		4ABC1FFD262DBA4C00789F8C /* Roboto-ThinItalic.ttf */ = {isa = PBXFileReference; lastKnownFileType = file; path = "Roboto-ThinItalic.ttf"; sourceTree = "<group>"; };
		4ABC1FFE262DBA4C00789F8C /* Roboto-BoldItalic.ttf */ = {isa = PBXFileReference; lastKnownFileType = file; path = "Roboto-BoldItalic.ttf"; sourceTree = "<group>"; };
		4ABC1FFF262DBA4C00789F8C /* Roboto-LightItalic.ttf */ = {isa = PBXFileReference; lastKnownFileType = file; path = "Roboto-LightItalic.ttf"; sourceTree = "<group>"; };
		4ABC2000262DBA4C00789F8C /* Roboto-Italic.ttf */ = {isa = PBXFileReference; lastKnownFileType = file; path = "Roboto-Italic.ttf"; sourceTree = "<group>"; };
		4ABC2001262DBA4C00789F8C /* LICENSE.txt */ = {isa = PBXFileReference; fileEncoding = 4; lastKnownFileType = text; path = LICENSE.txt; sourceTree = "<group>"; };
		4ABC2002262DBA4C00789F8C /* Roboto-BlackItalic.ttf */ = {isa = PBXFileReference; lastKnownFileType = file; path = "Roboto-BlackItalic.ttf"; sourceTree = "<group>"; };
		4ABC2003262DBA4C00789F8C /* Roboto-Bold.ttf */ = {isa = PBXFileReference; lastKnownFileType = file; path = "Roboto-Bold.ttf"; sourceTree = "<group>"; };
		4ABC2004262DBA4C00789F8C /* Roboto-Thin.ttf */ = {isa = PBXFileReference; lastKnownFileType = file; path = "Roboto-Thin.ttf"; sourceTree = "<group>"; };
		4ABC2005262DBA4C00789F8C /* Roboto-Black.ttf */ = {isa = PBXFileReference; lastKnownFileType = file; path = "Roboto-Black.ttf"; sourceTree = "<group>"; };
		4ABC2007262DBA4C00789F8C /* Raleway-BoldItalic.ttf */ = {isa = PBXFileReference; lastKnownFileType = file; path = "Raleway-BoldItalic.ttf"; sourceTree = "<group>"; };
		4ABC2008262DBA4C00789F8C /* Raleway-MediumItalic.ttf */ = {isa = PBXFileReference; lastKnownFileType = file; path = "Raleway-MediumItalic.ttf"; sourceTree = "<group>"; };
		4ABC2009262DBA4C00789F8C /* Raleway-ThinItalic.ttf */ = {isa = PBXFileReference; lastKnownFileType = file; path = "Raleway-ThinItalic.ttf"; sourceTree = "<group>"; };
		4ABC200A262DBA4C00789F8C /* Raleway-ExtraLight.ttf */ = {isa = PBXFileReference; lastKnownFileType = file; path = "Raleway-ExtraLight.ttf"; sourceTree = "<group>"; };
		4ABC200B262DBA4C00789F8C /* Raleway-Medium.ttf */ = {isa = PBXFileReference; lastKnownFileType = file; path = "Raleway-Medium.ttf"; sourceTree = "<group>"; };
		4ABC200C262DBA4C00789F8C /* Raleway-SemiBold.ttf */ = {isa = PBXFileReference; lastKnownFileType = file; path = "Raleway-SemiBold.ttf"; sourceTree = "<group>"; };
		4ABC200D262DBA4C00789F8C /* Raleway-ExtraBold.ttf */ = {isa = PBXFileReference; lastKnownFileType = file; path = "Raleway-ExtraBold.ttf"; sourceTree = "<group>"; };
		4ABC200E262DBA4C00789F8C /* Raleway-ExtraBoldItalic.ttf */ = {isa = PBXFileReference; lastKnownFileType = file; path = "Raleway-ExtraBoldItalic.ttf"; sourceTree = "<group>"; };
		4ABC200F262DBA4C00789F8C /* Raleway-Regular.ttf */ = {isa = PBXFileReference; lastKnownFileType = file; path = "Raleway-Regular.ttf"; sourceTree = "<group>"; };
		4ABC2010262DBA4C00789F8C /* Raleway-ExtraLightItalic.ttf */ = {isa = PBXFileReference; lastKnownFileType = file; path = "Raleway-ExtraLightItalic.ttf"; sourceTree = "<group>"; };
		4ABC2011262DBA4C00789F8C /* Raleway-SemiBoldItalic.ttf */ = {isa = PBXFileReference; lastKnownFileType = file; path = "Raleway-SemiBoldItalic.ttf"; sourceTree = "<group>"; };
		4ABC2012262DBA4C00789F8C /* Raleway-Light.ttf */ = {isa = PBXFileReference; lastKnownFileType = file; path = "Raleway-Light.ttf"; sourceTree = "<group>"; };
		4ABC2013262DBA4C00789F8C /* Raleway-Black.ttf */ = {isa = PBXFileReference; lastKnownFileType = file; path = "Raleway-Black.ttf"; sourceTree = "<group>"; };
		4ABC2014262DBA4C00789F8C /* Raleway-BlackItalic.ttf */ = {isa = PBXFileReference; lastKnownFileType = file; path = "Raleway-BlackItalic.ttf"; sourceTree = "<group>"; };
		4ABC2015262DBA4C00789F8C /* Raleway-LightItalic.ttf */ = {isa = PBXFileReference; lastKnownFileType = file; path = "Raleway-LightItalic.ttf"; sourceTree = "<group>"; };
		4ABC2016262DBA4C00789F8C /* Raleway-Thin.ttf */ = {isa = PBXFileReference; lastKnownFileType = file; path = "Raleway-Thin.ttf"; sourceTree = "<group>"; };
		4ABC2017262DBA4C00789F8C /* Raleway-Italic.ttf */ = {isa = PBXFileReference; lastKnownFileType = file; path = "Raleway-Italic.ttf"; sourceTree = "<group>"; };
		4ABC2018262DBA4C00789F8C /* Raleway-Bold.ttf */ = {isa = PBXFileReference; lastKnownFileType = file; path = "Raleway-Bold.ttf"; sourceTree = "<group>"; };
		4ABC2019262DBA4C00789F8C /* style.css */ = {isa = PBXFileReference; fileEncoding = 4; lastKnownFileType = text.css; path = style.css; sourceTree = "<group>"; };
		4ABC201A262DBA4C00789F8C /* AVLTreesInsertion.html */ = {isa = PBXFileReference; fileEncoding = 4; lastKnownFileType = text.html; path = AVLTreesInsertion.html; sourceTree = "<group>"; };
		4ABC201B262DBA4C00789F8C /* AVLTree.html */ = {isa = PBXFileReference; fileEncoding = 4; lastKnownFileType = text.html; path = AVLTree.html; sourceTree = "<group>"; };
		4ABC201C262DBA4D00789F8C /* IntroductionToTrees.html */ = {isa = PBXFileReference; fileEncoding = 4; lastKnownFileType = text.html; path = IntroductionToTrees.html; sourceTree = "<group>"; };
		4ABC201D262DBA4D00789F8C /* SpanningTree.html */ = {isa = PBXFileReference; fileEncoding = 4; lastKnownFileType = text.html; path = SpanningTree.html; sourceTree = "<group>"; };
		4ABC201E262DBA4D00789F8C /* AVLTreesDeletion.html */ = {isa = PBXFileReference; fileEncoding = 4; lastKnownFileType = text.html; path = AVLTreesDeletion.html; sourceTree = "<group>"; };
		4ABC201F262DBA4D00789F8C /* TraversingBinary.html */ = {isa = PBXFileReference; fileEncoding = 4; lastKnownFileType = text.html; path = TraversingBinary.html; sourceTree = "<group>"; };
		4ACD160725EB091F00A1DE99 /* Shared.xcdatamodel */ = {isa = PBXFileReference; lastKnownFileType = wrapper.xcdatamodel; path = Shared.xcdatamodel; sourceTree = "<group>"; };
		4ACD160825EB091F00A1DE99 /* MyTreeTutorApp.swift */ = {isa = PBXFileReference; lastKnownFileType = sourcecode.swift; path = MyTreeTutorApp.swift; sourceTree = "<group>"; };
		4ACD160925EB091F00A1DE99 /* ContentView.swift */ = {isa = PBXFileReference; lastKnownFileType = sourcecode.swift; path = ContentView.swift; sourceTree = "<group>"; };
		4ACD160A25EB091F00A1DE99 /* Persistence.swift */ = {isa = PBXFileReference; lastKnownFileType = sourcecode.swift; path = Persistence.swift; sourceTree = "<group>"; };
		4ACD160B25EB092000A1DE99 /* Assets.xcassets */ = {isa = PBXFileReference; lastKnownFileType = folder.assetcatalog; path = Assets.xcassets; sourceTree = "<group>"; };
		4ACD161025EB092000A1DE99 /* MyTreeTutorApp.app */ = {isa = PBXFileReference; explicitFileType = wrapper.application; includeInIndex = 0; path = MyTreeTutorApp.app; sourceTree = BUILT_PRODUCTS_DIR; };
		4ACD161325EB092000A1DE99 /* Info.plist */ = {isa = PBXFileReference; lastKnownFileType = text.plist.xml; path = Info.plist; sourceTree = "<group>"; };
		4ACD161825EB092000A1DE99 /* MyTreeTutorApp.app */ = {isa = PBXFileReference; explicitFileType = wrapper.application; includeInIndex = 0; path = MyTreeTutorApp.app; sourceTree = BUILT_PRODUCTS_DIR; };
		4ACD161A25EB092000A1DE99 /* Info.plist */ = {isa = PBXFileReference; lastKnownFileType = text.plist.xml; path = Info.plist; sourceTree = "<group>"; };
		4ACD161B25EB092000A1DE99 /* macOS.entitlements */ = {isa = PBXFileReference; lastKnownFileType = text.plist.entitlements; path = macOS.entitlements; sourceTree = "<group>"; };
		4ACD162025EB092000A1DE99 /* Tests iOS.xctest */ = {isa = PBXFileReference; explicitFileType = wrapper.cfbundle; includeInIndex = 0; path = "Tests iOS.xctest"; sourceTree = BUILT_PRODUCTS_DIR; };
		4ACD162425EB092000A1DE99 /* Tests_iOS.swift */ = {isa = PBXFileReference; lastKnownFileType = sourcecode.swift; path = Tests_iOS.swift; sourceTree = "<group>"; };
		4ACD162625EB092000A1DE99 /* Info.plist */ = {isa = PBXFileReference; lastKnownFileType = text.plist.xml; path = Info.plist; sourceTree = "<group>"; };
		4ACD162B25EB092000A1DE99 /* Tests macOS.xctest */ = {isa = PBXFileReference; explicitFileType = wrapper.cfbundle; includeInIndex = 0; path = "Tests macOS.xctest"; sourceTree = BUILT_PRODUCTS_DIR; };
		4ACD162F25EB092000A1DE99 /* Tests_macOS.swift */ = {isa = PBXFileReference; lastKnownFileType = sourcecode.swift; path = Tests_macOS.swift; sourceTree = "<group>"; };
		4ACD163125EB092000A1DE99 /* Info.plist */ = {isa = PBXFileReference; lastKnownFileType = text.plist.xml; path = Info.plist; sourceTree = "<group>"; };
		4AD9564625ED124E00BF8C7A /* CourseSectionDetail.swift */ = {isa = PBXFileReference; lastKnownFileType = sourcecode.swift; path = CourseSectionDetail.swift; sourceTree = "<group>"; };
		CE61073926137B0B008C6512 /* Images.swift */ = {isa = PBXFileReference; lastKnownFileType = sourcecode.swift; path = Images.swift; sourceTree = "<group>"; };
		CE6DDA3526137256005A0F5A /* AlgorithmStep.swift */ = {isa = PBXFileReference; lastKnownFileType = sourcecode.swift; path = AlgorithmStep.swift; sourceTree = "<group>"; };
		CE6DDA3B26137271005A0F5A /* TreeAlgorithm.swift */ = {isa = PBXFileReference; lastKnownFileType = sourcecode.swift; path = TreeAlgorithm.swift; sourceTree = "<group>"; };
		CE6DDA4126137294005A0F5A /* Tree+AlgorithmStepGeneration.swift */ = {isa = PBXFileReference; lastKnownFileType = sourcecode.swift; path = "Tree+AlgorithmStepGeneration.swift"; sourceTree = "<group>"; };
		CE6DDA47261372BA005A0F5A /* BinaryTreeViewModel.swift */ = {isa = PBXFileReference; lastKnownFileType = sourcecode.swift; path = BinaryTreeViewModel.swift; sourceTree = "<group>"; };
		CED0499B261F3A5F00CE0BE2 /* HTMLText.swift */ = {isa = PBXFileReference; lastKnownFileType = sourcecode.swift; path = HTMLText.swift; sourceTree = "<group>"; };
		CED049C9261F429600CE0BE2 /* BlurView.swift */ = {isa = PBXFileReference; lastKnownFileType = sourcecode.swift; path = BlurView.swift; sourceTree = "<group>"; };
		CED049D0261F456D00CE0BE2 /* BigButtonStyle.swift */ = {isa = PBXFileReference; lastKnownFileType = sourcecode.swift; path = BigButtonStyle.swift; sourceTree = "<group>"; };
/* End PBXFileReference section */

/* Begin PBXFrameworksBuildPhase section */
		4ACD160D25EB092000A1DE99 /* Frameworks */ = {
			isa = PBXFrameworksBuildPhase;
			buildActionMask = 2147483647;
			files = (
			);
			runOnlyForDeploymentPostprocessing = 0;
		};
		4ACD161525EB092000A1DE99 /* Frameworks */ = {
			isa = PBXFrameworksBuildPhase;
			buildActionMask = 2147483647;
			files = (
			);
			runOnlyForDeploymentPostprocessing = 0;
		};
		4ACD161D25EB092000A1DE99 /* Frameworks */ = {
			isa = PBXFrameworksBuildPhase;
			buildActionMask = 2147483647;
			files = (
			);
			runOnlyForDeploymentPostprocessing = 0;
		};
		4ACD162825EB092000A1DE99 /* Frameworks */ = {
			isa = PBXFrameworksBuildPhase;
			buildActionMask = 2147483647;
			files = (
			);
			runOnlyForDeploymentPostprocessing = 0;
		};
/* End PBXFrameworksBuildPhase section */

/* Begin PBXGroup section */
		4A50BC3C2603C4F900286FBA /* Tree Detail */ = {
			isa = PBXGroup;
			children = (
				4A594DE526062D8700F9954A /* TODO.swift */,
				4A81EC14260E32E50022F3C6 /* View+Circle.swift */,
				4A50BC592603D52B00286FBA /* Diagrams.swift */,
				4A50BC5F2603D5AF00286FBA /* TreeDetail.swift */,
				4A81EC20260E33A50022F3C6 /* BinaryTreeView.swift */,
				CE61073926137B0B008C6512 /* Images.swift */,
				CE6DDA47261372BA005A0F5A /* BinaryTreeViewModel.swift */,
				CE6DDA4126137294005A0F5A /* Tree+AlgorithmStepGeneration.swift */,
				CE6DDA3B26137271005A0F5A /* TreeAlgorithm.swift */,
				CE6DDA3526137256005A0F5A /* AlgorithmStep.swift */,
				4A81EC1A260E33430022F3C6 /* Tree+Unique.swift */,
				4A81EC0E260E329A0022F3C6 /* StaticTreeData.swift */,
				4A594DDF2606290700F9954A /* Color.swift */,
			);
			path = "Tree Detail";
			sourceTree = "<group>";
		};
		4A5720F425EFF8C90094181E /* Library */ = {
			isa = PBXGroup;
			children = (
				4AAA9F2225F032DF005F958D /* DateTitle.swift */,
				4AAA9F1F25F032DF005F958D /* FlipView.swift */,
				4AAA9F2025F032DF005F958D /* ProgressView.swift */,
				4AAA9F1D25F032DF005F958D /* SectionTitle.swift */,
				4AAA9F1E25F032DF005F958D /* ToggleButton.swift */,
				CED049C9261F429600CE0BE2 /* BlurView.swift */,
				4AAA9F5C25F04895005F958D /* CloseButton.swift */,
				CED049D0261F456D00CE0BE2 /* BigButtonStyle.swift */,
			);
			path = Library;
			sourceTree = "<group>";
		};
		4AAA9F5525F03654005F958D /* Items */ = {
			isa = PBXGroup;
			children = (
				4A24C0E126026A030046A99D /* TreeItem.swift */,
				4AAA9F3D25F0355B005F958D /* CourseItem.swift */,
				4AAA9F4025F0356D005F958D /* CourseRow.swift */,
				4AAA9F4325F0358A005F958D /* TutorialItem.swift */,
				4AAA9F4625F03599005F958D /* TutorialRow.swift */,
				4AAA9F4925F035AF005F958D /* TutorialSectionRow.swift */,
				4AAA9F4C25F0361B005F958D /* LiveStreamItem.swift */,
				4AAA9F4F25F03630005F958D /* LiveStreamRow.swift */,
				4AAA9F5225F03649005F958D /* CertificateItem.swift */,
			);
			path = Items;
			sourceTree = "<group>";
		};
		4AAACF3525EBBF8400A59D64 /* Navigation */ = {
			isa = PBXGroup;
			children = (
				4ACD160925EB091F00A1DE99 /* ContentView.swift */,
			);
			path = Navigation;
			sourceTree = "<group>";
		};
		4AAACF3625EBBFA500A59D64 /* Content */ = {
			isa = PBXGroup;
			children = (
				4ABC201B262DBA4C00789F8C /* AVLTree.html */,
				4ABC201E262DBA4D00789F8C /* AVLTreesDeletion.html */,
				4ABC201A262DBA4C00789F8C /* AVLTreesInsertion.html */,
				4ABC1FEF262DBA4B00789F8C /* BinarySearchTree.html */,
				4ABC1FEE262DBA4B00789F8C /* BinaryTrees.html */,
				4ABC1FF0262DBA4C00789F8C /* fonts */,
				4ABC201C262DBA4D00789F8C /* IntroductionToTrees.html */,
				4ABC201D262DBA4D00789F8C /* SpanningTree.html */,
				4ABC2019262DBA4C00789F8C /* style.css */,
				4ABC201F262DBA4D00789F8C /* TraversingBinary.html */,
				4AAA9F3125F03417005F958D /* CourseContent.swift */,
				4AAA9F3425F03434005F958D /* CourseSectionContent.swift */,
			);
			path = Content;
			sourceTree = "<group>";
		};
		4AAACF3D25EBDD9B00A59D64 /* Model */ = {
			isa = PBXGroup;
			children = (
				4AAACF3A25EBD85600A59D64 /* Course.swift */,
				4AAACF4625EBF32B00A59D64 /* CourseSection.swift */,
				4AAACF4825EBF32C00A59D64 /* GradientModel.swift */,
				4AAACF4A25EBF32C00A59D64 /* Livestream.swift */,
				4AAACF4725EBF32B00A59D64 /* LivestreamSection.swift */,
				4AAACF4425EBF32B00A59D64 /* Tutorial.swift */,
				4AAACF4525EBF32B00A59D64 /* TutorialSection.swift */,
			);
			path = Model;
			sourceTree = "<group>";
		};
		4ABC1FF0262DBA4C00789F8C /* fonts */ = {
			isa = PBXGroup;
			children = (
				4ABC1FF1262DBA4C00789F8C /* Oswald */,
				4ABC1FF8262DBA4C00789F8C /* Roboto */,
				4ABC2006262DBA4C00789F8C /* Raleway */,
			);
			path = fonts;
			sourceTree = "<group>";
		};
		4ABC1FF1262DBA4C00789F8C /* Oswald */ = {
			isa = PBXGroup;
			children = (
				4ABC1FF2262DBA4C00789F8C /* Oswald-Bold.ttf */,
				4ABC1FF3262DBA4C00789F8C /* Oswald-SemiBold.ttf */,
				4ABC1FF4262DBA4C00789F8C /* Oswald-Medium.ttf */,
				4ABC1FF5262DBA4C00789F8C /* Oswald-Regular.ttf */,
				4ABC1FF6262DBA4C00789F8C /* Oswald-ExtraLight.ttf */,
				4ABC1FF7262DBA4C00789F8C /* Oswald-Light.ttf */,
			);
			path = Oswald;
			sourceTree = "<group>";
		};
		4ABC1FF8262DBA4C00789F8C /* Roboto */ = {
			isa = PBXGroup;
			children = (
				4ABC1FF9262DBA4C00789F8C /* Roboto-Medium.ttf */,
				4ABC1FFA262DBA4C00789F8C /* Roboto-Light.ttf */,
				4ABC1FFB262DBA4C00789F8C /* Roboto-Regular.ttf */,
				4ABC1FFC262DBA4C00789F8C /* Roboto-MediumItalic.ttf */,
				4ABC1FFD262DBA4C00789F8C /* Roboto-ThinItalic.ttf */,
				4ABC1FFE262DBA4C00789F8C /* Roboto-BoldItalic.ttf */,
				4ABC1FFF262DBA4C00789F8C /* Roboto-LightItalic.ttf */,
				4ABC2000262DBA4C00789F8C /* Roboto-Italic.ttf */,
				4ABC2001262DBA4C00789F8C /* LICENSE.txt */,
				4ABC2002262DBA4C00789F8C /* Roboto-BlackItalic.ttf */,
				4ABC2003262DBA4C00789F8C /* Roboto-Bold.ttf */,
				4ABC2004262DBA4C00789F8C /* Roboto-Thin.ttf */,
				4ABC2005262DBA4C00789F8C /* Roboto-Black.ttf */,
			);
			path = Roboto;
			sourceTree = "<group>";
		};
		4ABC2006262DBA4C00789F8C /* Raleway */ = {
			isa = PBXGroup;
			children = (
				4ABC2007262DBA4C00789F8C /* Raleway-BoldItalic.ttf */,
				4ABC2008262DBA4C00789F8C /* Raleway-MediumItalic.ttf */,
				4ABC2009262DBA4C00789F8C /* Raleway-ThinItalic.ttf */,
				4ABC200A262DBA4C00789F8C /* Raleway-ExtraLight.ttf */,
				4ABC200B262DBA4C00789F8C /* Raleway-Medium.ttf */,
				4ABC200C262DBA4C00789F8C /* Raleway-SemiBold.ttf */,
				4ABC200D262DBA4C00789F8C /* Raleway-ExtraBold.ttf */,
				4ABC200E262DBA4C00789F8C /* Raleway-ExtraBoldItalic.ttf */,
				4ABC200F262DBA4C00789F8C /* Raleway-Regular.ttf */,
				4ABC2010262DBA4C00789F8C /* Raleway-ExtraLightItalic.ttf */,
				4ABC2011262DBA4C00789F8C /* Raleway-SemiBoldItalic.ttf */,
				4ABC2012262DBA4C00789F8C /* Raleway-Light.ttf */,
				4ABC2013262DBA4C00789F8C /* Raleway-Black.ttf */,
				4ABC2014262DBA4C00789F8C /* Raleway-BlackItalic.ttf */,
				4ABC2015262DBA4C00789F8C /* Raleway-LightItalic.ttf */,
				4ABC2016262DBA4C00789F8C /* Raleway-Thin.ttf */,
				4ABC2017262DBA4C00789F8C /* Raleway-Italic.ttf */,
				4ABC2018262DBA4C00789F8C /* Raleway-Bold.ttf */,
			);
			path = Raleway;
			sourceTree = "<group>";
		};
		4ACD160025EB091F00A1DE99 = {
			isa = PBXGroup;
			children = (
				4ACD160525EB091F00A1DE99 /* Shared */,
				4ACD161225EB092000A1DE99 /* iOS */,
				4ACD161925EB092000A1DE99 /* macOS */,
				4ACD162325EB092000A1DE99 /* Tests iOS */,
				4ACD162E25EB092000A1DE99 /* Tests macOS */,
				4ACD161125EB092000A1DE99 /* Products */,
			);
			sourceTree = "<group>";
		};
		4ACD160525EB091F00A1DE99 /* Shared */ = {
			isa = PBXGroup;
			children = (
				4ACD160825EB091F00A1DE99 /* MyTreeTutorApp.swift */,
				4ACD160B25EB092000A1DE99 /* Assets.xcassets */,
				4ACD160625EB091F00A1DE99 /* MyTreeTutorApp.xcdatamodeld */,
				4AAACF3525EBBF8400A59D64 /* Navigation */,
				4AAACF3D25EBDD9B00A59D64 /* Model */,
				4AAA9F5525F03654005F958D /* Items */,
				4AAACF3625EBBFA500A59D64 /* Content */,
				4A5720F425EFF8C90094181E /* Library */,
				4AAACF4125EBF0D300A59D64 /* CourseDetail.swift */,
				4AD9564625ED124E00BF8C7A /* CourseSectionDetail.swift */,
				4A50BC3C2603C4F900286FBA /* Tree Detail */,
				4AAA9F1025F02F5D005F958D /* TutorialSectionDetail.swift */,
				4AAA9F1325F02F9C005F958D /* TutorialPages.swift */,
				4AAA9F1925F03072005F958D /* SearchView.swift */,
				4ACD160A25EB091F00A1DE99 /* Persistence.swift */,
				CED0499B261F3A5F00CE0BE2 /* HTMLText.swift */,
			);
			path = Shared;
			sourceTree = "<group>";
		};
		4ACD161125EB092000A1DE99 /* Products */ = {
			isa = PBXGroup;
			children = (
				4ACD161025EB092000A1DE99 /* MyTreeTutorApp.app */,
				4ACD161825EB092000A1DE99 /* MyTreeTutorApp.app */,
				4ACD162025EB092000A1DE99 /* Tests iOS.xctest */,
				4ACD162B25EB092000A1DE99 /* Tests macOS.xctest */,
			);
			name = Products;
			sourceTree = "<group>";
		};
		4ACD161225EB092000A1DE99 /* iOS */ = {
			isa = PBXGroup;
			children = (
				4AAA9F0325F02C31005F958D /* CoursesView.swift */,
				4A24C0DD260269360046A99D /* TreesView.swift */,
				4A2BBE56260BBC4100BEC829 /* TreeType.swift */,
				4AAACF6125EBF66900A59D64 /* VisualEffectBlur.swift */,
				4ACD161325EB092000A1DE99 /* Info.plist */,
			);
			path = iOS;
			sourceTree = "<group>";
		};
		4ACD161925EB092000A1DE99 /* macOS */ = {
			isa = PBXGroup;
			children = (
				4AAA9EFB25F02ACA005F958D /* CoursesView.swift */,
				4AAA9EFD25F02AF9005F958D /* TutorialsView.swift */,
				4AAACF5F25EBF65E00A59D64 /* VisualEffectBlur.swift */,
				4ACD161A25EB092000A1DE99 /* Info.plist */,
				4ACD161B25EB092000A1DE99 /* macOS.entitlements */,
			);
			path = macOS;
			sourceTree = "<group>";
		};
		4ACD162325EB092000A1DE99 /* Tests iOS */ = {
			isa = PBXGroup;
			children = (
				4ACD162425EB092000A1DE99 /* Tests_iOS.swift */,
				4ACD162625EB092000A1DE99 /* Info.plist */,
			);
			path = "Tests iOS";
			sourceTree = "<group>";
		};
		4ACD162E25EB092000A1DE99 /* Tests macOS */ = {
			isa = PBXGroup;
			children = (
				4ACD162F25EB092000A1DE99 /* Tests_macOS.swift */,
				4ACD163125EB092000A1DE99 /* Info.plist */,
			);
			path = "Tests macOS";
			sourceTree = "<group>";
		};
/* End PBXGroup section */

/* Begin PBXNativeTarget section */
		4ACD160F25EB092000A1DE99 /* MyTreeTutorApp (iOS) */ = {
			isa = PBXNativeTarget;
			buildConfigurationList = 4ACD163E25EB092000A1DE99 /* Build configuration list for PBXNativeTarget "MyTreeTutorApp (iOS)" */;
			buildPhases = (
				4ACD160C25EB092000A1DE99 /* Sources */,
				4ACD160D25EB092000A1DE99 /* Frameworks */,
				4ACD160E25EB092000A1DE99 /* Resources */,
			);
			buildRules = (
			);
			dependencies = (
			);
			name = "MyTreeTutorApp (iOS)";
			productName = "MyTreeTutorApp (iOS)";
			productReference = 4ACD161025EB092000A1DE99 /* MyTreeTutorApp.app */;
			productType = "com.apple.product-type.application";
		};
		4ACD161725EB092000A1DE99 /* MyTreeTutorApp (macOS) */ = {
			isa = PBXNativeTarget;
			buildConfigurationList = 4ACD164125EB092000A1DE99 /* Build configuration list for PBXNativeTarget "MyTreeTutorApp (macOS)" */;
			buildPhases = (
				4ACD161425EB092000A1DE99 /* Sources */,
				4ACD161525EB092000A1DE99 /* Frameworks */,
				4ACD161625EB092000A1DE99 /* Resources */,
			);
			buildRules = (
			);
			dependencies = (
			);
			name = "MyTreeTutorApp (macOS)";
			productName = "MyTreeTutorApp (macOS)";
			productReference = 4ACD161825EB092000A1DE99 /* MyTreeTutorApp.app */;
			productType = "com.apple.product-type.application";
		};
		4ACD161F25EB092000A1DE99 /* Tests iOS */ = {
			isa = PBXNativeTarget;
			buildConfigurationList = 4ACD164425EB092000A1DE99 /* Build configuration list for PBXNativeTarget "Tests iOS" */;
			buildPhases = (
				4ACD161C25EB092000A1DE99 /* Sources */,
				4ACD161D25EB092000A1DE99 /* Frameworks */,
				4ACD161E25EB092000A1DE99 /* Resources */,
			);
			buildRules = (
			);
			dependencies = (
				4ACD162225EB092000A1DE99 /* PBXTargetDependency */,
			);
			name = "Tests iOS";
			productName = "Tests iOS";
			productReference = 4ACD162025EB092000A1DE99 /* Tests iOS.xctest */;
			productType = "com.apple.product-type.bundle.ui-testing";
		};
		4ACD162A25EB092000A1DE99 /* Tests macOS */ = {
			isa = PBXNativeTarget;
			buildConfigurationList = 4ACD164725EB092000A1DE99 /* Build configuration list for PBXNativeTarget "Tests macOS" */;
			buildPhases = (
				4ACD162725EB092000A1DE99 /* Sources */,
				4ACD162825EB092000A1DE99 /* Frameworks */,
				4ACD162925EB092000A1DE99 /* Resources */,
			);
			buildRules = (
			);
			dependencies = (
				4ACD162D25EB092000A1DE99 /* PBXTargetDependency */,
			);
			name = "Tests macOS";
			productName = "Tests macOS";
			productReference = 4ACD162B25EB092000A1DE99 /* Tests macOS.xctest */;
			productType = "com.apple.product-type.bundle.ui-testing";
		};
/* End PBXNativeTarget section */

/* Begin PBXProject section */
		4ACD160125EB091F00A1DE99 /* Project object */ = {
			isa = PBXProject;
			attributes = {
				LastSwiftUpdateCheck = 1250;
				LastUpgradeCheck = 1250;
				TargetAttributes = {
					4ACD160F25EB092000A1DE99 = {
						CreatedOnToolsVersion = 12.5;
					};
					4ACD161725EB092000A1DE99 = {
						CreatedOnToolsVersion = 12.5;
					};
					4ACD161F25EB092000A1DE99 = {
						CreatedOnToolsVersion = 12.5;
						TestTargetID = 4ACD160F25EB092000A1DE99;
					};
					4ACD162A25EB092000A1DE99 = {
						CreatedOnToolsVersion = 12.5;
						TestTargetID = 4ACD161725EB092000A1DE99;
					};
				};
			};
			buildConfigurationList = 4ACD160425EB091F00A1DE99 /* Build configuration list for PBXProject "MyTreeTutorApp" */;
			compatibilityVersion = "Xcode 9.3";
			developmentRegion = en;
			hasScannedForEncodings = 0;
			knownRegions = (
				en,
				Base,
			);
			mainGroup = 4ACD160025EB091F00A1DE99;
			productRefGroup = 4ACD161125EB092000A1DE99 /* Products */;
			projectDirPath = "";
			projectRoot = "";
			targets = (
				4ACD160F25EB092000A1DE99 /* MyTreeTutorApp (iOS) */,
				4ACD161725EB092000A1DE99 /* MyTreeTutorApp (macOS) */,
				4ACD161F25EB092000A1DE99 /* Tests iOS */,
				4ACD162A25EB092000A1DE99 /* Tests macOS */,
			);
		};
/* End PBXProject section */

/* Begin PBXResourcesBuildPhase section */
		4ACD160E25EB092000A1DE99 /* Resources */ = {
			isa = PBXResourcesBuildPhase;
			buildActionMask = 2147483647;
			files = (
				4ABC2030262DBA4D00789F8C /* Roboto-Medium.ttf in Resources */,
				4ACD163A25EB092000A1DE99 /* Assets.xcassets in Resources */,
				4ABC2044262DBA4D00789F8C /* Roboto-Bold.ttf in Resources */,
				4ABC205E262DBA4D00789F8C /* Raleway-SemiBoldItalic.ttf in Resources */,
				4ABC203C262DBA4D00789F8C /* Roboto-LightItalic.ttf in Resources */,
				4ABC2068262DBA4D00789F8C /* Raleway-Thin.ttf in Resources */,
				4ABC2036262DBA4D00789F8C /* Roboto-MediumItalic.ttf in Resources */,
				4ABC204A262DBA4D00789F8C /* Raleway-BoldItalic.ttf in Resources */,
				4ABC2056262DBA4D00789F8C /* Raleway-ExtraBold.ttf in Resources */,
				4ABC2048262DBA4D00789F8C /* Roboto-Black.ttf in Resources */,
				4ABC205A262DBA4D00789F8C /* Raleway-Regular.ttf in Resources */,
				4ABC203A262DBA4D00789F8C /* Roboto-BoldItalic.ttf in Resources */,
				4ABC2026262DBA4D00789F8C /* Oswald-SemiBold.ttf in Resources */,
				4ABC203E262DBA4D00789F8C /* Roboto-Italic.ttf in Resources */,
				4ABC206E262DBA4D00789F8C /* style.css in Resources */,
				4ABC2060262DBA4D00789F8C /* Raleway-Light.ttf in Resources */,
				4ABC205C262DBA4D00789F8C /* Raleway-ExtraLightItalic.ttf in Resources */,
				4ABC2032262DBA4D00789F8C /* Roboto-Light.ttf in Resources */,
				4ABC2042262DBA4D00789F8C /* Roboto-BlackItalic.ttf in Resources */,
				4ABC2050262DBA4D00789F8C /* Raleway-ExtraLight.ttf in Resources */,
				4ABC2054262DBA4D00789F8C /* Raleway-SemiBold.ttf in Resources */,
				4ABC2052262DBA4D00789F8C /* Raleway-Medium.ttf in Resources */,
				4ABC2064262DBA4D00789F8C /* Raleway-BlackItalic.ttf in Resources */,
				4ABC2020262DBA4D00789F8C /* BinaryTrees.html in Resources */,
				4ABC206C262DBA4D00789F8C /* Raleway-Bold.ttf in Resources */,
				4ABC202E262DBA4D00789F8C /* Oswald-Light.ttf in Resources */,
				4ABC204E262DBA4D00789F8C /* Raleway-ThinItalic.ttf in Resources */,
				4ABC2074262DBA4D00789F8C /* IntroductionToTrees.html in Resources */,
				4ABC2034262DBA4D00789F8C /* Roboto-Regular.ttf in Resources */,
				4ABC202A262DBA4D00789F8C /* Oswald-Regular.ttf in Resources */,
				4ABC2046262DBA4D00789F8C /* Roboto-Thin.ttf in Resources */,
				4ABC207A262DBA4D00789F8C /* TraversingBinary.html in Resources */,
				4ABC2040262DBA4D00789F8C /* LICENSE.txt in Resources */,
				4ABC202C262DBA4D00789F8C /* Oswald-ExtraLight.ttf in Resources */,
				4ABC2070262DBA4D00789F8C /* AVLTreesInsertion.html in Resources */,
				4ABC2078262DBA4D00789F8C /* AVLTreesDeletion.html in Resources */,
				4ABC2072262DBA4D00789F8C /* AVLTree.html in Resources */,
				4ABC2038262DBA4D00789F8C /* Roboto-ThinItalic.ttf in Resources */,
				4ABC206A262DBA4D00789F8C /* Raleway-Italic.ttf in Resources */,
				4ABC2076262DBA4D00789F8C /* SpanningTree.html in Resources */,
				4ABC2028262DBA4D00789F8C /* Oswald-Medium.ttf in Resources */,
				4ABC2058262DBA4D00789F8C /* Raleway-ExtraBoldItalic.ttf in Resources */,
				4ABC204C262DBA4D00789F8C /* Raleway-MediumItalic.ttf in Resources */,
				4ABC2022262DBA4D00789F8C /* BinarySearchTree.html in Resources */,
				4ABC2024262DBA4D00789F8C /* Oswald-Bold.ttf in Resources */,
				4ABC2066262DBA4D00789F8C /* Raleway-LightItalic.ttf in Resources */,
				4ABC2062262DBA4D00789F8C /* Raleway-Black.ttf in Resources */,
			);
			runOnlyForDeploymentPostprocessing = 0;
		};
		4ACD161625EB092000A1DE99 /* Resources */ = {
			isa = PBXResourcesBuildPhase;
			buildActionMask = 2147483647;
			files = (
				4ABC2031262DBA4D00789F8C /* Roboto-Medium.ttf in Resources */,
				4ACD163B25EB092000A1DE99 /* Assets.xcassets in Resources */,
				4ABC2045262DBA4D00789F8C /* Roboto-Bold.ttf in Resources */,
				4ABC205F262DBA4D00789F8C /* Raleway-SemiBoldItalic.ttf in Resources */,
				4ABC203D262DBA4D00789F8C /* Roboto-LightItalic.ttf in Resources */,
				4ABC2069262DBA4D00789F8C /* Raleway-Thin.ttf in Resources */,
				4ABC2037262DBA4D00789F8C /* Roboto-MediumItalic.ttf in Resources */,
				4ABC204B262DBA4D00789F8C /* Raleway-BoldItalic.ttf in Resources */,
				4ABC2057262DBA4D00789F8C /* Raleway-ExtraBold.ttf in Resources */,
				4ABC2049262DBA4D00789F8C /* Roboto-Black.ttf in Resources */,
				4ABC205B262DBA4D00789F8C /* Raleway-Regular.ttf in Resources */,
				4ABC203B262DBA4D00789F8C /* Roboto-BoldItalic.ttf in Resources */,
				4ABC2027262DBA4D00789F8C /* Oswald-SemiBold.ttf in Resources */,
				4ABC203F262DBA4D00789F8C /* Roboto-Italic.ttf in Resources */,
				4ABC206F262DBA4D00789F8C /* style.css in Resources */,
				4ABC2061262DBA4D00789F8C /* Raleway-Light.ttf in Resources */,
				4ABC205D262DBA4D00789F8C /* Raleway-ExtraLightItalic.ttf in Resources */,
				4ABC2033262DBA4D00789F8C /* Roboto-Light.ttf in Resources */,
				4ABC2043262DBA4D00789F8C /* Roboto-BlackItalic.ttf in Resources */,
				4ABC2051262DBA4D00789F8C /* Raleway-ExtraLight.ttf in Resources */,
				4ABC2055262DBA4D00789F8C /* Raleway-SemiBold.ttf in Resources */,
				4ABC2053262DBA4D00789F8C /* Raleway-Medium.ttf in Resources */,
				4ABC2065262DBA4D00789F8C /* Raleway-BlackItalic.ttf in Resources */,
				4ABC2021262DBA4D00789F8C /* BinaryTrees.html in Resources */,
				4ABC206D262DBA4D00789F8C /* Raleway-Bold.ttf in Resources */,
				4ABC202F262DBA4D00789F8C /* Oswald-Light.ttf in Resources */,
				4ABC204F262DBA4D00789F8C /* Raleway-ThinItalic.ttf in Resources */,
				4ABC2075262DBA4D00789F8C /* IntroductionToTrees.html in Resources */,
				4ABC2035262DBA4D00789F8C /* Roboto-Regular.ttf in Resources */,
				4ABC202B262DBA4D00789F8C /* Oswald-Regular.ttf in Resources */,
				4ABC2047262DBA4D00789F8C /* Roboto-Thin.ttf in Resources */,
				4ABC207B262DBA4D00789F8C /* TraversingBinary.html in Resources */,
				4ABC2041262DBA4D00789F8C /* LICENSE.txt in Resources */,
				4ABC202D262DBA4D00789F8C /* Oswald-ExtraLight.ttf in Resources */,
				4ABC2071262DBA4D00789F8C /* AVLTreesInsertion.html in Resources */,
				4ABC2079262DBA4D00789F8C /* AVLTreesDeletion.html in Resources */,
				4ABC2073262DBA4D00789F8C /* AVLTree.html in Resources */,
				4ABC2039262DBA4D00789F8C /* Roboto-ThinItalic.ttf in Resources */,
				4ABC206B262DBA4D00789F8C /* Raleway-Italic.ttf in Resources */,
				4ABC2077262DBA4D00789F8C /* SpanningTree.html in Resources */,
				4ABC2029262DBA4D00789F8C /* Oswald-Medium.ttf in Resources */,
				4ABC2059262DBA4D00789F8C /* Raleway-ExtraBoldItalic.ttf in Resources */,
				4ABC204D262DBA4D00789F8C /* Raleway-MediumItalic.ttf in Resources */,
				4ABC2023262DBA4D00789F8C /* BinarySearchTree.html in Resources */,
				4ABC2025262DBA4D00789F8C /* Oswald-Bold.ttf in Resources */,
				4ABC2067262DBA4D00789F8C /* Raleway-LightItalic.ttf in Resources */,
				4ABC2063262DBA4D00789F8C /* Raleway-Black.ttf in Resources */,
			);
			runOnlyForDeploymentPostprocessing = 0;
		};
		4ACD161E25EB092000A1DE99 /* Resources */ = {
			isa = PBXResourcesBuildPhase;
			buildActionMask = 2147483647;
			files = (
			);
			runOnlyForDeploymentPostprocessing = 0;
		};
		4ACD162925EB092000A1DE99 /* Resources */ = {
			isa = PBXResourcesBuildPhase;
			buildActionMask = 2147483647;
			files = (
			);
			runOnlyForDeploymentPostprocessing = 0;
		};
/* End PBXResourcesBuildPhase section */

/* Begin PBXSourcesBuildPhase section */
		4ACD160C25EB092000A1DE99 /* Sources */ = {
			isa = PBXSourcesBuildPhase;
			buildActionMask = 2147483647;
			files = (
				4ACD163425EB092000A1DE99 /* MyTreeTutorApp.swift in Sources */,
				4AAA9F4725F03599005F958D /* TutorialRow.swift in Sources */,
				4A81EC21260E33A50022F3C6 /* BinaryTreeView.swift in Sources */,
				CED0499C261F3A5F00CE0BE2 /* HTMLText.swift in Sources */,
				4AAA9F3E25F0355B005F958D /* CourseItem.swift in Sources */,
				4A594DE626062D8700F9954A /* TODO.swift in Sources */,
				4AAACF3B25EBD85600A59D64 /* Course.swift in Sources */,
				CE6DDA48261372BA005A0F5A /* BinaryTreeViewModel.swift in Sources */,
				4AAA9F2525F032E0005F958D /* SectionTitle.swift in Sources */,
				4AAA9F4125F0356D005F958D /* CourseRow.swift in Sources */,
				4AAACF5125EBF32C00A59D64 /* LivestreamSection.swift in Sources */,
				4AAA9F2F25F032E0005F958D /* DateTitle.swift in Sources */,
				4A594DE02606290700F9954A /* Color.swift in Sources */,
				4A2BBE57260BBC4100BEC829 /* TreeType.swift in Sources */,
				4AAACF4D25EBF32C00A59D64 /* TutorialSection.swift in Sources */,
				4A594E602606508200F9954A /* Persistence.swift in Sources */,
				4AD9564725ED124E00BF8C7A /* CourseSectionDetail.swift in Sources */,
				CED049D1261F456D00CE0BE2 /* BigButtonStyle.swift in Sources */,
				4AAACF4F25EBF32C00A59D64 /* CourseSection.swift in Sources */,
				4AAA9F4425F0358A005F958D /* TutorialItem.swift in Sources */,
				CE61073A26137B0B008C6512 /* Images.swift in Sources */,
				4AAA9F4A25F035AF005F958D /* TutorialSectionRow.swift in Sources */,
				4A50BC5A2603D52B00286FBA /* Diagrams.swift in Sources */,
				4A50BC602603D5AF00286FBA /* TreeDetail.swift in Sources */,
				4AAA9F1A25F03072005F958D /* SearchView.swift in Sources */,
				4AAACF5725EBF32C00A59D64 /* Livestream.swift in Sources */,
				4ACD163225EB092000A1DE99 /* MyTreeTutorApp.xcdatamodeld in Sources */,
				4AAA9F0425F02C31005F958D /* CoursesView.swift in Sources */,
				CE6DDA4226137294005A0F5A /* Tree+AlgorithmStepGeneration.swift in Sources */,
				4A81EC1B260E33430022F3C6 /* Tree+Unique.swift in Sources */,
				4A81EC15260E32E50022F3C6 /* View+Circle.swift in Sources */,
				4AAA9F5325F03649005F958D /* CertificateItem.swift in Sources */,
				4AAA9F5D25F04895005F958D /* CloseButton.swift in Sources */,
				4AAACF5325EBF32C00A59D64 /* GradientModel.swift in Sources */,
				4AAA9F2725F032E0005F958D /* ToggleButton.swift in Sources */,
				CE6DDA3C26137271005A0F5A /* TreeAlgorithm.swift in Sources */,
				4A81EC0F260E329A0022F3C6 /* StaticTreeData.swift in Sources */,
				4AAA9F4D25F0361B005F958D /* LiveStreamItem.swift in Sources */,
				4A24C0DE260269360046A99D /* TreesView.swift in Sources */,
				4AAA9F1425F02F9C005F958D /* TutorialPages.swift in Sources */,
				4AAACF4B25EBF32C00A59D64 /* Tutorial.swift in Sources */,
				4ACD163625EB092000A1DE99 /* ContentView.swift in Sources */,
				4AAA9F1125F02F5D005F958D /* TutorialSectionDetail.swift in Sources */,
				CED049CA261F429600CE0BE2 /* BlurView.swift in Sources */,
				4AAA9F2925F032E0005F958D /* FlipView.swift in Sources */,
				4A24C0E226026A030046A99D /* TreeItem.swift in Sources */,
				4AAACF6225EBF66900A59D64 /* VisualEffectBlur.swift in Sources */,
				4AAA9F3525F03434005F958D /* CourseSectionContent.swift in Sources */,
				4AAA9F5025F03630005F958D /* LiveStreamRow.swift in Sources */,
				CE6DDA3626137256005A0F5A /* AlgorithmStep.swift in Sources */,
				4AAA9F3225F03417005F958D /* CourseContent.swift in Sources */,
				4AAACF4225EBF0D300A59D64 /* CourseDetail.swift in Sources */,
				4AAA9F2B25F032E0005F958D /* ProgressView.swift in Sources */,
			);
			runOnlyForDeploymentPostprocessing = 0;
		};
		4ACD161425EB092000A1DE99 /* Sources */ = {
			isa = PBXSourcesBuildPhase;
			buildActionMask = 2147483647;
			files = (
				4AAA9F4E25F0361B005F958D /* LiveStreamItem.swift in Sources */,
				CED049D2261F456D00CE0BE2 /* BigButtonStyle.swift in Sources */,
				4ACD163525EB092000A1DE99 /* MyTreeTutorApp.swift in Sources */,
				4AAA9F5425F03649005F958D /* CertificateItem.swift in Sources */,
				4AAA9F4225F0356D005F958D /* CourseRow.swift in Sources */,
				4AAA9F2A25F032E0005F958D /* FlipView.swift in Sources */,
				4AAA9F3625F03434005F958D /* CourseSectionContent.swift in Sources */,
				4AAA9F5E25F04895005F958D /* CloseButton.swift in Sources */,
				4AAA9F1225F02F5D005F958D /* TutorialSectionDetail.swift in Sources */,
				4AAA9F1B25F03072005F958D /* SearchView.swift in Sources */,
				4AAACF3C25EBD85600A59D64 /* Course.swift in Sources */,
				4AAA9F2625F032E0005F958D /* SectionTitle.swift in Sources */,
				4AD9564825ED124E00BF8C7A /* CourseSectionDetail.swift in Sources */,
				4AAA9F3F25F0355B005F958D /* CourseItem.swift in Sources */,
				4A594E612606508400F9954A /* Persistence.swift in Sources */,
				4AAA9F3325F03417005F958D /* CourseContent.swift in Sources */,
				4A594E0F26064C8500F9954A /* Diagrams.swift in Sources */,
				4AAA9F5125F03630005F958D /* LiveStreamRow.swift in Sources */,
				CED049CB261F429600CE0BE2 /* BlurView.swift in Sources */,
				4AAA9EFC25F02ACA005F958D /* CoursesView.swift in Sources */,
				4AAACF5225EBF32C00A59D64 /* LivestreamSection.swift in Sources */,
				4AAACF4E25EBF32C00A59D64 /* TutorialSection.swift in Sources */,
				4AAACF5025EBF32C00A59D64 /* CourseSection.swift in Sources */,
				4AAA9F2825F032E0005F958D /* ToggleButton.swift in Sources */,
				4AAA9F1525F02F9C005F958D /* TutorialPages.swift in Sources */,
				4AAACF5825EBF32C00A59D64 /* Livestream.swift in Sources */,
				4ACD163325EB092000A1DE99 /* MyTreeTutorApp.xcdatamodeld in Sources */,
				4AAACF5425EBF32C00A59D64 /* GradientModel.swift in Sources */,
				4A24C0E326026A2F0046A99D /* TreeItem.swift in Sources */,
				4AAA9F4525F0358A005F958D /* TutorialItem.swift in Sources */,
				4AAA9F2C25F032E0005F958D /* ProgressView.swift in Sources */,
				CED0499D261F3A5F00CE0BE2 /* HTMLText.swift in Sources */,
				4AAA9F3025F032E0005F958D /* DateTitle.swift in Sources */,
				4AAA9F4B25F035AF005F958D /* TutorialSectionRow.swift in Sources */,
				4AAA9F4825F03599005F958D /* TutorialRow.swift in Sources */,
				4AAACF4C25EBF32C00A59D64 /* Tutorial.swift in Sources */,
				4AAA9EFE25F02AF9005F958D /* TutorialsView.swift in Sources */,
				4ACD163725EB092000A1DE99 /* ContentView.swift in Sources */,
				4AAACF6025EBF65E00A59D64 /* VisualEffectBlur.swift in Sources */,
				4AAACF4325EBF0D300A59D64 /* CourseDetail.swift in Sources */,
			);
			runOnlyForDeploymentPostprocessing = 0;
		};
		4ACD161C25EB092000A1DE99 /* Sources */ = {
			isa = PBXSourcesBuildPhase;
			buildActionMask = 2147483647;
			files = (
				4ACD162525EB092000A1DE99 /* Tests_iOS.swift in Sources */,
			);
			runOnlyForDeploymentPostprocessing = 0;
		};
		4ACD162725EB092000A1DE99 /* Sources */ = {
			isa = PBXSourcesBuildPhase;
			buildActionMask = 2147483647;
			files = (
				4ACD163025EB092000A1DE99 /* Tests_macOS.swift in Sources */,
			);
			runOnlyForDeploymentPostprocessing = 0;
		};
/* End PBXSourcesBuildPhase section */

/* Begin PBXTargetDependency section */
		4ACD162225EB092000A1DE99 /* PBXTargetDependency */ = {
			isa = PBXTargetDependency;
			target = 4ACD160F25EB092000A1DE99 /* MyTreeTutorApp (iOS) */;
			targetProxy = 4ACD162125EB092000A1DE99 /* PBXContainerItemProxy */;
		};
		4ACD162D25EB092000A1DE99 /* PBXTargetDependency */ = {
			isa = PBXTargetDependency;
			target = 4ACD161725EB092000A1DE99 /* MyTreeTutorApp (macOS) */;
			targetProxy = 4ACD162C25EB092000A1DE99 /* PBXContainerItemProxy */;
		};
/* End PBXTargetDependency section */

/* Begin XCBuildConfiguration section */
		4ACD163C25EB092000A1DE99 /* Debug */ = {
			isa = XCBuildConfiguration;
			buildSettings = {
				ALWAYS_SEARCH_USER_PATHS = NO;
				CLANG_ANALYZER_NONNULL = YES;
				CLANG_ANALYZER_NUMBER_OBJECT_CONVERSION = YES_AGGRESSIVE;
				CLANG_CXX_LANGUAGE_STANDARD = "gnu++14";
				CLANG_CXX_LIBRARY = "libc++";
				CLANG_ENABLE_MODULES = YES;
				CLANG_ENABLE_OBJC_ARC = YES;
				CLANG_ENABLE_OBJC_WEAK = YES;
				CLANG_WARN_BLOCK_CAPTURE_AUTORELEASING = YES;
				CLANG_WARN_BOOL_CONVERSION = YES;
				CLANG_WARN_COMMA = YES;
				CLANG_WARN_CONSTANT_CONVERSION = YES;
				CLANG_WARN_DEPRECATED_OBJC_IMPLEMENTATIONS = YES;
				CLANG_WARN_DIRECT_OBJC_ISA_USAGE = YES_ERROR;
				CLANG_WARN_DOCUMENTATION_COMMENTS = YES;
				CLANG_WARN_EMPTY_BODY = YES;
				CLANG_WARN_ENUM_CONVERSION = YES;
				CLANG_WARN_INFINITE_RECURSION = YES;
				CLANG_WARN_INT_CONVERSION = YES;
				CLANG_WARN_NON_LITERAL_NULL_CONVERSION = YES;
				CLANG_WARN_OBJC_IMPLICIT_RETAIN_SELF = YES;
				CLANG_WARN_OBJC_LITERAL_CONVERSION = YES;
				CLANG_WARN_OBJC_ROOT_CLASS = YES_ERROR;
				CLANG_WARN_QUOTED_INCLUDE_IN_FRAMEWORK_HEADER = YES;
				CLANG_WARN_RANGE_LOOP_ANALYSIS = YES;
				CLANG_WARN_STRICT_PROTOTYPES = YES;
				CLANG_WARN_SUSPICIOUS_MOVE = YES;
				CLANG_WARN_UNGUARDED_AVAILABILITY = YES_AGGRESSIVE;
				CLANG_WARN_UNREACHABLE_CODE = YES;
				CLANG_WARN__DUPLICATE_METHOD_MATCH = YES;
				COPY_PHASE_STRIP = NO;
				DEBUG_INFORMATION_FORMAT = dwarf;
				ENABLE_STRICT_OBJC_MSGSEND = YES;
				ENABLE_TESTABILITY = YES;
				GCC_C_LANGUAGE_STANDARD = gnu11;
				GCC_DYNAMIC_NO_PIC = NO;
				GCC_NO_COMMON_BLOCKS = YES;
				GCC_OPTIMIZATION_LEVEL = 0;
				GCC_PREPROCESSOR_DEFINITIONS = (
					"DEBUG=1",
					"$(inherited)",
				);
				GCC_WARN_64_TO_32_BIT_CONVERSION = YES;
				GCC_WARN_ABOUT_RETURN_TYPE = YES_ERROR;
				GCC_WARN_UNDECLARED_SELECTOR = YES;
				GCC_WARN_UNINITIALIZED_AUTOS = YES_AGGRESSIVE;
				GCC_WARN_UNUSED_FUNCTION = YES;
				GCC_WARN_UNUSED_VARIABLE = YES;
				MTL_ENABLE_DEBUG_INFO = INCLUDE_SOURCE;
				MTL_FAST_MATH = YES;
				ONLY_ACTIVE_ARCH = YES;
				SWIFT_ACTIVE_COMPILATION_CONDITIONS = DEBUG;
				SWIFT_OPTIMIZATION_LEVEL = "-Onone";
			};
			name = Debug;
		};
		4ACD163D25EB092000A1DE99 /* Release */ = {
			isa = XCBuildConfiguration;
			buildSettings = {
				ALWAYS_SEARCH_USER_PATHS = NO;
				CLANG_ANALYZER_NONNULL = YES;
				CLANG_ANALYZER_NUMBER_OBJECT_CONVERSION = YES_AGGRESSIVE;
				CLANG_CXX_LANGUAGE_STANDARD = "gnu++14";
				CLANG_CXX_LIBRARY = "libc++";
				CLANG_ENABLE_MODULES = YES;
				CLANG_ENABLE_OBJC_ARC = YES;
				CLANG_ENABLE_OBJC_WEAK = YES;
				CLANG_WARN_BLOCK_CAPTURE_AUTORELEASING = YES;
				CLANG_WARN_BOOL_CONVERSION = YES;
				CLANG_WARN_COMMA = YES;
				CLANG_WARN_CONSTANT_CONVERSION = YES;
				CLANG_WARN_DEPRECATED_OBJC_IMPLEMENTATIONS = YES;
				CLANG_WARN_DIRECT_OBJC_ISA_USAGE = YES_ERROR;
				CLANG_WARN_DOCUMENTATION_COMMENTS = YES;
				CLANG_WARN_EMPTY_BODY = YES;
				CLANG_WARN_ENUM_CONVERSION = YES;
				CLANG_WARN_INFINITE_RECURSION = YES;
				CLANG_WARN_INT_CONVERSION = YES;
				CLANG_WARN_NON_LITERAL_NULL_CONVERSION = YES;
				CLANG_WARN_OBJC_IMPLICIT_RETAIN_SELF = YES;
				CLANG_WARN_OBJC_LITERAL_CONVERSION = YES;
				CLANG_WARN_OBJC_ROOT_CLASS = YES_ERROR;
				CLANG_WARN_QUOTED_INCLUDE_IN_FRAMEWORK_HEADER = YES;
				CLANG_WARN_RANGE_LOOP_ANALYSIS = YES;
				CLANG_WARN_STRICT_PROTOTYPES = YES;
				CLANG_WARN_SUSPICIOUS_MOVE = YES;
				CLANG_WARN_UNGUARDED_AVAILABILITY = YES_AGGRESSIVE;
				CLANG_WARN_UNREACHABLE_CODE = YES;
				CLANG_WARN__DUPLICATE_METHOD_MATCH = YES;
				COPY_PHASE_STRIP = NO;
				DEBUG_INFORMATION_FORMAT = "dwarf-with-dsym";
				ENABLE_NS_ASSERTIONS = NO;
				ENABLE_STRICT_OBJC_MSGSEND = YES;
				GCC_C_LANGUAGE_STANDARD = gnu11;
				GCC_NO_COMMON_BLOCKS = YES;
				GCC_WARN_64_TO_32_BIT_CONVERSION = YES;
				GCC_WARN_ABOUT_RETURN_TYPE = YES_ERROR;
				GCC_WARN_UNDECLARED_SELECTOR = YES;
				GCC_WARN_UNINITIALIZED_AUTOS = YES_AGGRESSIVE;
				GCC_WARN_UNUSED_FUNCTION = YES;
				GCC_WARN_UNUSED_VARIABLE = YES;
				MTL_ENABLE_DEBUG_INFO = NO;
				MTL_FAST_MATH = YES;
				SWIFT_COMPILATION_MODE = wholemodule;
				SWIFT_OPTIMIZATION_LEVEL = "-O";
			};
			name = Release;
		};
		4ACD163F25EB092000A1DE99 /* Debug */ = {
			isa = XCBuildConfiguration;
			buildSettings = {
				ASSETCATALOG_COMPILER_APPICON_NAME = AppIcon;
				ASSETCATALOG_COMPILER_GLOBAL_ACCENT_COLOR_NAME = AccentColor;
				CODE_SIGN_STYLE = Automatic;
				DEVELOPMENT_TEAM = 3CZ4V2F5QY;
				ENABLE_PREVIEWS = YES;
				INFOPLIST_FILE = iOS/Info.plist;
				IPHONEOS_DEPLOYMENT_TARGET = 14.0;
				LD_RUNPATH_SEARCH_PATHS = (
					"$(inherited)",
					"@executable_path/Frameworks",
				);
				PRODUCT_BUNDLE_IDENTIFIER = com.bortsolutions.MyTreeTutorApp;
				PRODUCT_NAME = MyTreeTutorApp;
				SDKROOT = iphoneos;
				SWIFT_VERSION = 5.0;
				TARGETED_DEVICE_FAMILY = "1,2";
			};
			name = Debug;
		};
		4ACD164025EB092000A1DE99 /* Release */ = {
			isa = XCBuildConfiguration;
			buildSettings = {
				ASSETCATALOG_COMPILER_APPICON_NAME = AppIcon;
				ASSETCATALOG_COMPILER_GLOBAL_ACCENT_COLOR_NAME = AccentColor;
				CODE_SIGN_STYLE = Automatic;
				DEVELOPMENT_TEAM = 3CZ4V2F5QY;
				ENABLE_PREVIEWS = YES;
				INFOPLIST_FILE = iOS/Info.plist;
				IPHONEOS_DEPLOYMENT_TARGET = 14.0;
				LD_RUNPATH_SEARCH_PATHS = (
					"$(inherited)",
					"@executable_path/Frameworks",
				);
				PRODUCT_BUNDLE_IDENTIFIER = com.bortsolutions.MyTreeTutorApp;
				PRODUCT_NAME = MyTreeTutorApp;
				SDKROOT = iphoneos;
				SWIFT_VERSION = 5.0;
				TARGETED_DEVICE_FAMILY = "1,2";
				VALIDATE_PRODUCT = YES;
			};
			name = Release;
		};
		4ACD164225EB092000A1DE99 /* Debug */ = {
			isa = XCBuildConfiguration;
			buildSettings = {
				ASSETCATALOG_COMPILER_APPICON_NAME = AppIcon;
				ASSETCATALOG_COMPILER_GLOBAL_ACCENT_COLOR_NAME = AccentColor;
				CODE_SIGN_ENTITLEMENTS = macOS/macOS.entitlements;
				CODE_SIGN_STYLE = Automatic;
				COMBINE_HIDPI_IMAGES = YES;
				DEVELOPMENT_TEAM = 3CZ4V2F5QY;
				ENABLE_HARDENED_RUNTIME = YES;
				ENABLE_PREVIEWS = YES;
				INFOPLIST_FILE = macOS/Info.plist;
				LD_RUNPATH_SEARCH_PATHS = (
					"$(inherited)",
					"@executable_path/../Frameworks",
				);
				MACOSX_DEPLOYMENT_TARGET = 11.0;
				PRODUCT_BUNDLE_IDENTIFIER = com.bortsolutions.MyTreeTutorApp;
				PRODUCT_NAME = MyTreeTutorApp;
				SDKROOT = macosx;
				SWIFT_VERSION = 5.0;
			};
			name = Debug;
		};
		4ACD164325EB092000A1DE99 /* Release */ = {
			isa = XCBuildConfiguration;
			buildSettings = {
				ASSETCATALOG_COMPILER_APPICON_NAME = AppIcon;
				ASSETCATALOG_COMPILER_GLOBAL_ACCENT_COLOR_NAME = AccentColor;
				CODE_SIGN_ENTITLEMENTS = macOS/macOS.entitlements;
				CODE_SIGN_STYLE = Automatic;
				COMBINE_HIDPI_IMAGES = YES;
				DEVELOPMENT_TEAM = 3CZ4V2F5QY;
				ENABLE_HARDENED_RUNTIME = YES;
				ENABLE_PREVIEWS = YES;
				INFOPLIST_FILE = macOS/Info.plist;
				LD_RUNPATH_SEARCH_PATHS = (
					"$(inherited)",
					"@executable_path/../Frameworks",
				);
				MACOSX_DEPLOYMENT_TARGET = 11.0;
				PRODUCT_BUNDLE_IDENTIFIER = com.bortsolutions.MyTreeTutorApp;
				PRODUCT_NAME = MyTreeTutorApp;
				SDKROOT = macosx;
				SWIFT_VERSION = 5.0;
			};
			name = Release;
		};
		4ACD164525EB092000A1DE99 /* Debug */ = {
			isa = XCBuildConfiguration;
			buildSettings = {
				ALWAYS_EMBED_SWIFT_STANDARD_LIBRARIES = YES;
				CODE_SIGN_STYLE = Automatic;
				DEVELOPMENT_TEAM = 3CZ4V2F5QY;
				INFOPLIST_FILE = "Tests iOS/Info.plist";
				IPHONEOS_DEPLOYMENT_TARGET = 14.4;
				LD_RUNPATH_SEARCH_PATHS = (
					"$(inherited)",
					"@executable_path/Frameworks",
					"@loader_path/Frameworks",
				);
				PRODUCT_BUNDLE_IDENTIFIER = "com.bortsolutions.Tests-iOS";
				PRODUCT_NAME = "$(TARGET_NAME)";
				SDKROOT = iphoneos;
				SWIFT_VERSION = 5.0;
				TARGETED_DEVICE_FAMILY = "1,2";
				TEST_TARGET_NAME = "MyTreeTutorApp (iOS)";
			};
			name = Debug;
		};
		4ACD164625EB092000A1DE99 /* Release */ = {
			isa = XCBuildConfiguration;
			buildSettings = {
				ALWAYS_EMBED_SWIFT_STANDARD_LIBRARIES = YES;
				CODE_SIGN_STYLE = Automatic;
				DEVELOPMENT_TEAM = 3CZ4V2F5QY;
				INFOPLIST_FILE = "Tests iOS/Info.plist";
				IPHONEOS_DEPLOYMENT_TARGET = 14.4;
				LD_RUNPATH_SEARCH_PATHS = (
					"$(inherited)",
					"@executable_path/Frameworks",
					"@loader_path/Frameworks",
				);
				PRODUCT_BUNDLE_IDENTIFIER = "com.bortsolutions.Tests-iOS";
				PRODUCT_NAME = "$(TARGET_NAME)";
				SDKROOT = iphoneos;
				SWIFT_VERSION = 5.0;
				TARGETED_DEVICE_FAMILY = "1,2";
				TEST_TARGET_NAME = "MyTreeTutorApp (iOS)";
				VALIDATE_PRODUCT = YES;
			};
			name = Release;
		};
		4ACD164825EB092000A1DE99 /* Debug */ = {
			isa = XCBuildConfiguration;
			buildSettings = {
				ALWAYS_EMBED_SWIFT_STANDARD_LIBRARIES = YES;
				CODE_SIGN_STYLE = Automatic;
				COMBINE_HIDPI_IMAGES = YES;
				DEVELOPMENT_TEAM = 3CZ4V2F5QY;
				INFOPLIST_FILE = "Tests macOS/Info.plist";
				LD_RUNPATH_SEARCH_PATHS = (
					"$(inherited)",
					"@executable_path/../Frameworks",
					"@loader_path/../Frameworks",
				);
				MACOSX_DEPLOYMENT_TARGET = 11.1;
				PRODUCT_BUNDLE_IDENTIFIER = "com.bortsolutions.Tests-macOS";
				PRODUCT_NAME = "$(TARGET_NAME)";
				SDKROOT = macosx;
				SWIFT_VERSION = 5.0;
				TEST_TARGET_NAME = "MyTreeTutorApp (macOS)";
			};
			name = Debug;
		};
		4ACD164925EB092000A1DE99 /* Release */ = {
			isa = XCBuildConfiguration;
			buildSettings = {
				ALWAYS_EMBED_SWIFT_STANDARD_LIBRARIES = YES;
				CODE_SIGN_STYLE = Automatic;
				COMBINE_HIDPI_IMAGES = YES;
				DEVELOPMENT_TEAM = 3CZ4V2F5QY;
				INFOPLIST_FILE = "Tests macOS/Info.plist";
				LD_RUNPATH_SEARCH_PATHS = (
					"$(inherited)",
					"@executable_path/../Frameworks",
					"@loader_path/../Frameworks",
				);
				MACOSX_DEPLOYMENT_TARGET = 11.1;
				PRODUCT_BUNDLE_IDENTIFIER = "com.bortsolutions.Tests-macOS";
				PRODUCT_NAME = "$(TARGET_NAME)";
				SDKROOT = macosx;
				SWIFT_VERSION = 5.0;
				TEST_TARGET_NAME = "MyTreeTutorApp (macOS)";
			};
			name = Release;
		};
/* End XCBuildConfiguration section */

/* Begin XCConfigurationList section */
		4ACD160425EB091F00A1DE99 /* Build configuration list for PBXProject "MyTreeTutorApp" */ = {
			isa = XCConfigurationList;
			buildConfigurations = (
				4ACD163C25EB092000A1DE99 /* Debug */,
				4ACD163D25EB092000A1DE99 /* Release */,
			);
			defaultConfigurationIsVisible = 0;
			defaultConfigurationName = Release;
		};
		4ACD163E25EB092000A1DE99 /* Build configuration list for PBXNativeTarget "MyTreeTutorApp (iOS)" */ = {
			isa = XCConfigurationList;
			buildConfigurations = (
				4ACD163F25EB092000A1DE99 /* Debug */,
				4ACD164025EB092000A1DE99 /* Release */,
			);
			defaultConfigurationIsVisible = 0;
			defaultConfigurationName = Release;
		};
		4ACD164125EB092000A1DE99 /* Build configuration list for PBXNativeTarget "MyTreeTutorApp (macOS)" */ = {
			isa = XCConfigurationList;
			buildConfigurations = (
				4ACD164225EB092000A1DE99 /* Debug */,
				4ACD164325EB092000A1DE99 /* Release */,
			);
			defaultConfigurationIsVisible = 0;
			defaultConfigurationName = Release;
		};
		4ACD164425EB092000A1DE99 /* Build configuration list for PBXNativeTarget "Tests iOS" */ = {
			isa = XCConfigurationList;
			buildConfigurations = (
				4ACD164525EB092000A1DE99 /* Debug */,
				4ACD164625EB092000A1DE99 /* Release */,
			);
			defaultConfigurationIsVisible = 0;
			defaultConfigurationName = Release;
		};
		4ACD164725EB092000A1DE99 /* Build configuration list for PBXNativeTarget "Tests macOS" */ = {
			isa = XCConfigurationList;
			buildConfigurations = (
				4ACD164825EB092000A1DE99 /* Debug */,
				4ACD164925EB092000A1DE99 /* Release */,
			);
			defaultConfigurationIsVisible = 0;
			defaultConfigurationName = Release;
		};
/* End XCConfigurationList section */

/* Begin XCVersionGroup section */
		4ACD160625EB091F00A1DE99 /* MyTreeTutorApp.xcdatamodeld */ = {
			isa = XCVersionGroup;
			children = (
				4ACD160725EB091F00A1DE99 /* Shared.xcdatamodel */,
			);
			currentVersion = 4ACD160725EB091F00A1DE99 /* Shared.xcdatamodel */;
			path = MyTreeTutorApp.xcdatamodeld;
			sourceTree = "<group>";
			versionGroupType = wrapper.xcdatamodel;
		};
/* End XCVersionGroup section */
	};
	rootObject = 4ACD160125EB091F00A1DE99 /* Project object */;
}
